// !$*UTF8*$!
{
	archiveVersion = 1;
	classes = {
	};
	objectVersion = 56;
	objects = {

/* Begin PBXBuildFile section */
		5176A8BE5774FD95EC4931C2 /* Pods_Services_Services.framework in Frameworks */ = {isa = PBXBuildFile; fileRef = 426D45DA8569198EA4162E32 /* Pods_Services_Services.framework */; };
		B0CC91F229A11FEC00FEF81C /* Services.framework in Frameworks */ = {isa = PBXBuildFile; fileRef = B0CC91E929A11FEC00FEF81C /* Services.framework */; };
		B0CC91F729A11FEC00FEF81C /* ServicesTests.swift in Sources */ = {isa = PBXBuildFile; fileRef = B0CC91F629A11FEC00FEF81C /* ServicesTests.swift */; };
		B0CC91F829A11FEC00FEF81C /* Services.h in Headers */ = {isa = PBXBuildFile; fileRef = B0CC91EC29A11FEC00FEF81C /* Services.h */; settings = {ATTRIBUTES = (Public, ); }; };
		B0CC921929A1231400FEF81C /* TaipeiTravelAttractionService.swift in Sources */ = {isa = PBXBuildFile; fileRef = B0CC921029A1231400FEF81C /* TaipeiTravelAttractionService.swift */; };
		B0CC921A29A1231400FEF81C /* TaipeiTravelAPI+Models.swift in Sources */ = {isa = PBXBuildFile; fileRef = B0CC921329A1231400FEF81C /* TaipeiTravelAPI+Models.swift */; };
		B0CC921B29A1231400FEF81C /* RResult.swift in Sources */ = {isa = PBXBuildFile; fileRef = B0CC921429A1231400FEF81C /* RResult.swift */; };
		B0CC921C29A1231400FEF81C /* BasicNetworkLoggerPlugin.swift in Sources */ = {isa = PBXBuildFile; fileRef = B0CC921529A1231400FEF81C /* BasicNetworkLoggerPlugin.swift */; };
		B0CC921D29A1231400FEF81C /* TaipeiTravelAPI.swift in Sources */ = {isa = PBXBuildFile; fileRef = B0CC921629A1231400FEF81C /* TaipeiTravelAPI.swift */; };
		B0CC921E29A1231400FEF81C /* TaipeiTravelAPI+Attraction.swift in Sources */ = {isa = PBXBuildFile; fileRef = B0CC921729A1231400FEF81C /* TaipeiTravelAPI+Attraction.swift */; };
		B0CC921F29A1231400FEF81C /* TaipeiTravelAPI+Bridging.swift in Sources */ = {isa = PBXBuildFile; fileRef = B0CC921829A1231400FEF81C /* TaipeiTravelAPI+Bridging.swift */; };
		C5FC0DC26498924F8A4CD681 /* Pods_Services_ServicesTests.framework in Frameworks */ = {isa = PBXBuildFile; fileRef = F3DB9F0A21C90A7C3279A4EF /* Pods_Services_ServicesTests.framework */; };
/* End PBXBuildFile section */

/* Begin PBXContainerItemProxy section */
		B0CC91F329A11FEC00FEF81C /* PBXContainerItemProxy */ = {
			isa = PBXContainerItemProxy;
			containerPortal = B0CC91E029A11FEC00FEF81C /* Project object */;
			proxyType = 1;
			remoteGlobalIDString = B0CC91E829A11FEC00FEF81C;
			remoteInfo = Services;
		};
/* End PBXContainerItemProxy section */

/* Begin PBXFileReference section */
		1C4E93A4DA877936A7B996E4 /* Pods-Services-ServicesTests.debug.xcconfig */ = {isa = PBXFileReference; includeInIndex = 1; lastKnownFileType = text.xcconfig; name = "Pods-Services-ServicesTests.debug.xcconfig"; path = "Target Support Files/Pods-Services-ServicesTests/Pods-Services-ServicesTests.debug.xcconfig"; sourceTree = "<group>"; };
		2381CC4428DF6CC183022171 /* Pods-Services-ServicesTests.release.xcconfig */ = {isa = PBXFileReference; includeInIndex = 1; lastKnownFileType = text.xcconfig; name = "Pods-Services-ServicesTests.release.xcconfig"; path = "Target Support Files/Pods-Services-ServicesTests/Pods-Services-ServicesTests.release.xcconfig"; sourceTree = "<group>"; };
		389DAB4EBBD9A04E0E3DB02E /* Pods-Services.release.xcconfig */ = {isa = PBXFileReference; includeInIndex = 1; lastKnownFileType = text.xcconfig; name = "Pods-Services.release.xcconfig"; path = "Target Support Files/Pods-Services/Pods-Services.release.xcconfig"; sourceTree = "<group>"; };
		426D45DA8569198EA4162E32 /* Pods_Services_Services.framework */ = {isa = PBXFileReference; explicitFileType = wrapper.framework; includeInIndex = 0; path = Pods_Services_Services.framework; sourceTree = BUILT_PRODUCTS_DIR; };
		42DA7DC91578BA899C3199DB /* Pods-Services-Services.release.xcconfig */ = {isa = PBXFileReference; includeInIndex = 1; lastKnownFileType = text.xcconfig; name = "Pods-Services-Services.release.xcconfig"; path = "Target Support Files/Pods-Services-Services/Pods-Services-Services.release.xcconfig"; sourceTree = "<group>"; };
		9C493478668EA78B36AA12B5 /* Pods-Services-Services.debug.xcconfig */ = {isa = PBXFileReference; includeInIndex = 1; lastKnownFileType = text.xcconfig; name = "Pods-Services-Services.debug.xcconfig"; path = "Target Support Files/Pods-Services-Services/Pods-Services-Services.debug.xcconfig"; sourceTree = "<group>"; };
		B0CC91E929A11FEC00FEF81C /* Services.framework */ = {isa = PBXFileReference; explicitFileType = wrapper.framework; includeInIndex = 0; path = Services.framework; sourceTree = BUILT_PRODUCTS_DIR; };
		B0CC91EC29A11FEC00FEF81C /* Services.h */ = {isa = PBXFileReference; lastKnownFileType = sourcecode.c.h; path = Services.h; sourceTree = "<group>"; };
		B0CC91F129A11FEC00FEF81C /* ServicesTests.xctest */ = {isa = PBXFileReference; explicitFileType = wrapper.cfbundle; includeInIndex = 0; path = ServicesTests.xctest; sourceTree = BUILT_PRODUCTS_DIR; };
		B0CC91F629A11FEC00FEF81C /* ServicesTests.swift */ = {isa = PBXFileReference; lastKnownFileType = sourcecode.swift; path = ServicesTests.swift; sourceTree = "<group>"; };
		B0CC921029A1231400FEF81C /* TaipeiTravelAttractionService.swift */ = {isa = PBXFileReference; fileEncoding = 4; lastKnownFileType = sourcecode.swift; path = TaipeiTravelAttractionService.swift; sourceTree = "<group>"; };
		B0CC921329A1231400FEF81C /* TaipeiTravelAPI+Models.swift */ = {isa = PBXFileReference; fileEncoding = 4; lastKnownFileType = sourcecode.swift; path = "TaipeiTravelAPI+Models.swift"; sourceTree = "<group>"; };
		B0CC921429A1231400FEF81C /* RResult.swift */ = {isa = PBXFileReference; fileEncoding = 4; lastKnownFileType = sourcecode.swift; path = RResult.swift; sourceTree = "<group>"; };
		B0CC921529A1231400FEF81C /* BasicNetworkLoggerPlugin.swift */ = {isa = PBXFileReference; fileEncoding = 4; lastKnownFileType = sourcecode.swift; path = BasicNetworkLoggerPlugin.swift; sourceTree = "<group>"; };
		B0CC921629A1231400FEF81C /* TaipeiTravelAPI.swift */ = {isa = PBXFileReference; fileEncoding = 4; lastKnownFileType = sourcecode.swift; path = TaipeiTravelAPI.swift; sourceTree = "<group>"; };
		B0CC921729A1231400FEF81C /* TaipeiTravelAPI+Attraction.swift */ = {isa = PBXFileReference; fileEncoding = 4; lastKnownFileType = sourcecode.swift; path = "TaipeiTravelAPI+Attraction.swift"; sourceTree = "<group>"; };
		B0CC921829A1231400FEF81C /* TaipeiTravelAPI+Bridging.swift */ = {isa = PBXFileReference; fileEncoding = 4; lastKnownFileType = sourcecode.swift; path = "TaipeiTravelAPI+Bridging.swift"; sourceTree = "<group>"; };
		D26D153A36E640D9AB5907CC /* Pods-Services.debug.xcconfig */ = {isa = PBXFileReference; includeInIndex = 1; lastKnownFileType = text.xcconfig; name = "Pods-Services.debug.xcconfig"; path = "Target Support Files/Pods-Services/Pods-Services.debug.xcconfig"; sourceTree = "<group>"; };
		F3DB9F0A21C90A7C3279A4EF /* Pods_Services_ServicesTests.framework */ = {isa = PBXFileReference; explicitFileType = wrapper.framework; includeInIndex = 0; path = Pods_Services_ServicesTests.framework; sourceTree = BUILT_PRODUCTS_DIR; };
/* End PBXFileReference section */

/* Begin PBXFrameworksBuildPhase section */
		B0CC91E629A11FEC00FEF81C /* Frameworks */ = {
			isa = PBXFrameworksBuildPhase;
			buildActionMask = 2147483647;
			files = (
				5176A8BE5774FD95EC4931C2 /* Pods_Services_Services.framework in Frameworks */,
			);
			runOnlyForDeploymentPostprocessing = 0;
		};
		B0CC91EE29A11FEC00FEF81C /* Frameworks */ = {
			isa = PBXFrameworksBuildPhase;
			buildActionMask = 2147483647;
			files = (
				B0CC91F229A11FEC00FEF81C /* Services.framework in Frameworks */,
				C5FC0DC26498924F8A4CD681 /* Pods_Services_ServicesTests.framework in Frameworks */,
			);
			runOnlyForDeploymentPostprocessing = 0;
		};
/* End PBXFrameworksBuildPhase section */

/* Begin PBXGroup section */
		A6AF310E1D6B728E07D14F7D /* Pods */ = {
			isa = PBXGroup;
			children = (
				D26D153A36E640D9AB5907CC /* Pods-Services.debug.xcconfig */,
				389DAB4EBBD9A04E0E3DB02E /* Pods-Services.release.xcconfig */,
				9C493478668EA78B36AA12B5 /* Pods-Services-Services.debug.xcconfig */,
				42DA7DC91578BA899C3199DB /* Pods-Services-Services.release.xcconfig */,
				1C4E93A4DA877936A7B996E4 /* Pods-Services-ServicesTests.debug.xcconfig */,
				2381CC4428DF6CC183022171 /* Pods-Services-ServicesTests.release.xcconfig */,
			);
			name = Pods;
			path = ../../Pods;
			sourceTree = "<group>";
		};
		B0CC91DF29A11FEC00FEF81C = {
			isa = PBXGroup;
			children = (
				B0CC920E29A1231400FEF81C /* AttractionService */,
				B0CC921129A1231400FEF81C /* Platforms */,
				B0CC91F529A11FEC00FEF81C /* UnitTests */,
				B0CC91EB29A11FEC00FEF81C /* Header */,
				B0CC91EA29A11FEC00FEF81C /* Products */,
				A6AF310E1D6B728E07D14F7D /* Pods */,
				EA70CE1337C42E82631738BF /* Frameworks */,
			);
			sourceTree = "<group>";
		};
		B0CC91EA29A11FEC00FEF81C /* Products */ = {
			isa = PBXGroup;
			children = (
				B0CC91E929A11FEC00FEF81C /* Services.framework */,
				B0CC91F129A11FEC00FEF81C /* ServicesTests.xctest */,
			);
			name = Products;
			sourceTree = "<group>";
		};
		B0CC91EB29A11FEC00FEF81C /* Header */ = {
			isa = PBXGroup;
			children = (
				B0CC91EC29A11FEC00FEF81C /* Services.h */,
			);
			path = Header;
			sourceTree = "<group>";
		};
		B0CC91F529A11FEC00FEF81C /* UnitTests */ = {
			isa = PBXGroup;
			children = (
				B0CC91F629A11FEC00FEF81C /* ServicesTests.swift */,
			);
			path = UnitTests;
			sourceTree = "<group>";
		};
		B0CC920E29A1231400FEF81C /* AttractionService */ = {
			isa = PBXGroup;
			children = (
				B0CC920F29A1231400FEF81C /* TaipeiTravelAttractionService */,
			);
			path = AttractionService;
			sourceTree = "<group>";
		};
		B0CC920F29A1231400FEF81C /* TaipeiTravelAttractionService */ = {
			isa = PBXGroup;
			children = (
				B0CC921029A1231400FEF81C /* TaipeiTravelAttractionService.swift */,
			);
			path = TaipeiTravelAttractionService;
			sourceTree = "<group>";
		};
		B0CC921129A1231400FEF81C /* Platforms */ = {
			isa = PBXGroup;
			children = (
				B0CC921229A1231400FEF81C /* TaipeiTravelAPI */,
			);
			path = Platforms;
			sourceTree = "<group>";
		};
		B0CC921229A1231400FEF81C /* TaipeiTravelAPI */ = {
			isa = PBXGroup;
			children = (
				B0CC921329A1231400FEF81C /* TaipeiTravelAPI+Models.swift */,
				B0CC921429A1231400FEF81C /* RResult.swift */,
				B0CC921529A1231400FEF81C /* BasicNetworkLoggerPlugin.swift */,
				B0CC921629A1231400FEF81C /* TaipeiTravelAPI.swift */,
				B0CC921729A1231400FEF81C /* TaipeiTravelAPI+Attraction.swift */,
				B0CC921829A1231400FEF81C /* TaipeiTravelAPI+Bridging.swift */,
			);
			path = TaipeiTravelAPI;
			sourceTree = "<group>";
		};
		EA70CE1337C42E82631738BF /* Frameworks */ = {
			isa = PBXGroup;
			children = (
				F3DB9F0A21C90A7C3279A4EF /* Pods_Services_ServicesTests.framework */,
				426D45DA8569198EA4162E32 /* Pods_Services_Services.framework */,
			);
			name = Frameworks;
			sourceTree = "<group>";
		};
/* End PBXGroup section */

/* Begin PBXHeadersBuildPhase section */
		B0CC91E429A11FEC00FEF81C /* Headers */ = {
			isa = PBXHeadersBuildPhase;
			buildActionMask = 2147483647;
			files = (
				B0CC91F829A11FEC00FEF81C /* Services.h in Headers */,
			);
			runOnlyForDeploymentPostprocessing = 0;
		};
/* End PBXHeadersBuildPhase section */

/* Begin PBXNativeTarget section */
		B0CC91E829A11FEC00FEF81C /* Services */ = {
			isa = PBXNativeTarget;
			buildConfigurationList = B0CC91FB29A11FEC00FEF81C /* Build configuration list for PBXNativeTarget "Services" */;
			buildPhases = (
				00D32E7A33BCFB969883ECF6 /* [CP] Check Pods Manifest.lock */,
				B0CC91E429A11FEC00FEF81C /* Headers */,
				B0CC91E529A11FEC00FEF81C /* Sources */,
				B0CC91E629A11FEC00FEF81C /* Frameworks */,
				B0CC91E729A11FEC00FEF81C /* Resources */,
			);
			buildRules = (
			);
			dependencies = (
			);
			name = Services;
			productName = Services;
			productReference = B0CC91E929A11FEC00FEF81C /* Services.framework */;
			productType = "com.apple.product-type.framework";
		};
		B0CC91F029A11FEC00FEF81C /* ServicesTests */ = {
			isa = PBXNativeTarget;
			buildConfigurationList = B0CC91FE29A11FEC00FEF81C /* Build configuration list for PBXNativeTarget "ServicesTests" */;
			buildPhases = (
				5E385503A5361FEDB209EDA5 /* [CP] Check Pods Manifest.lock */,
				B0CC91ED29A11FEC00FEF81C /* Sources */,
				B0CC91EE29A11FEC00FEF81C /* Frameworks */,
				B0CC91EF29A11FEC00FEF81C /* Resources */,
				E428E8560FE49ADD32416AB9 /* [CP] Embed Pods Frameworks */,
			);
			buildRules = (
			);
			dependencies = (
				B0CC91F429A11FEC00FEF81C /* PBXTargetDependency */,
			);
			name = ServicesTests;
			productName = ServicesTests;
			productReference = B0CC91F129A11FEC00FEF81C /* ServicesTests.xctest */;
			productType = "com.apple.product-type.bundle.unit-test";
		};
/* End PBXNativeTarget section */

/* Begin PBXProject section */
		B0CC91E029A11FEC00FEF81C /* Project object */ = {
			isa = PBXProject;
			attributes = {
				BuildIndependentTargetsInParallel = 1;
				LastSwiftUpdateCheck = 1410;
				LastUpgradeCheck = 1410;
				TargetAttributes = {
					B0CC91E829A11FEC00FEF81C = {
						CreatedOnToolsVersion = 14.1;
					};
					B0CC91F029A11FEC00FEF81C = {
						CreatedOnToolsVersion = 14.1;
					};
				};
			};
			buildConfigurationList = B0CC91E329A11FEC00FEF81C /* Build configuration list for PBXProject "Services" */;
			compatibilityVersion = "Xcode 14.0";
			developmentRegion = en;
			hasScannedForEncodings = 0;
			knownRegions = (
				en,
				Base,
			);
			mainGroup = B0CC91DF29A11FEC00FEF81C;
			productRefGroup = B0CC91EA29A11FEC00FEF81C /* Products */;
			projectDirPath = "";
			projectRoot = "";
			targets = (
				B0CC91E829A11FEC00FEF81C /* Services */,
				B0CC91F029A11FEC00FEF81C /* ServicesTests */,
			);
		};
/* End PBXProject section */

/* Begin PBXResourcesBuildPhase section */
		B0CC91E729A11FEC00FEF81C /* Resources */ = {
			isa = PBXResourcesBuildPhase;
			buildActionMask = 2147483647;
			files = (
			);
			runOnlyForDeploymentPostprocessing = 0;
		};
		B0CC91EF29A11FEC00FEF81C /* Resources */ = {
			isa = PBXResourcesBuildPhase;
			buildActionMask = 2147483647;
			files = (
			);
			runOnlyForDeploymentPostprocessing = 0;
		};
/* End PBXResourcesBuildPhase section */

/* Begin PBXShellScriptBuildPhase section */
		00D32E7A33BCFB969883ECF6 /* [CP] Check Pods Manifest.lock */ = {
			isa = PBXShellScriptBuildPhase;
			buildActionMask = 2147483647;
			files = (
			);
			inputFileListPaths = (
			);
			inputPaths = (
				"${PODS_PODFILE_DIR_PATH}/Podfile.lock",
				"${PODS_ROOT}/Manifest.lock",
			);
			name = "[CP] Check Pods Manifest.lock";
			outputFileListPaths = (
			);
			outputPaths = (
				"$(DERIVED_FILE_DIR)/Pods-Services-Services-checkManifestLockResult.txt",
			);
			runOnlyForDeploymentPostprocessing = 0;
			shellPath = /bin/sh;
			shellScript = "diff \"${PODS_PODFILE_DIR_PATH}/Podfile.lock\" \"${PODS_ROOT}/Manifest.lock\" > /dev/null\nif [ $? != 0 ] ; then\n    # print error to STDERR\n    echo \"error: The sandbox is not in sync with the Podfile.lock. Run 'pod install' or update your CocoaPods installation.\" >&2\n    exit 1\nfi\n# This output is used by Xcode 'outputs' to avoid re-running this script phase.\necho \"SUCCESS\" > \"${SCRIPT_OUTPUT_FILE_0}\"\n";
			showEnvVarsInLog = 0;
		};
		5E385503A5361FEDB209EDA5 /* [CP] Check Pods Manifest.lock */ = {
			isa = PBXShellScriptBuildPhase;
			buildActionMask = 2147483647;
			files = (
			);
			inputFileListPaths = (
			);
			inputPaths = (
				"${PODS_PODFILE_DIR_PATH}/Podfile.lock",
				"${PODS_ROOT}/Manifest.lock",
			);
			name = "[CP] Check Pods Manifest.lock";
			outputFileListPaths = (
			);
			outputPaths = (
				"$(DERIVED_FILE_DIR)/Pods-Services-ServicesTests-checkManifestLockResult.txt",
			);
			runOnlyForDeploymentPostprocessing = 0;
			shellPath = /bin/sh;
			shellScript = "diff \"${PODS_PODFILE_DIR_PATH}/Podfile.lock\" \"${PODS_ROOT}/Manifest.lock\" > /dev/null\nif [ $? != 0 ] ; then\n    # print error to STDERR\n    echo \"error: The sandbox is not in sync with the Podfile.lock. Run 'pod install' or update your CocoaPods installation.\" >&2\n    exit 1\nfi\n# This output is used by Xcode 'outputs' to avoid re-running this script phase.\necho \"SUCCESS\" > \"${SCRIPT_OUTPUT_FILE_0}\"\n";
			showEnvVarsInLog = 0;
		};
		E428E8560FE49ADD32416AB9 /* [CP] Embed Pods Frameworks */ = {
			isa = PBXShellScriptBuildPhase;
			buildActionMask = 2147483647;
			files = (
			);
			inputFileListPaths = (
				"${PODS_ROOT}/Target Support Files/Pods-Services-ServicesTests/Pods-Services-ServicesTests-frameworks-${CONFIGURATION}-input-files.xcfilelist",
			);
			name = "[CP] Embed Pods Frameworks";
			outputFileListPaths = (
				"${PODS_ROOT}/Target Support Files/Pods-Services-ServicesTests/Pods-Services-ServicesTests-frameworks-${CONFIGURATION}-output-files.xcfilelist",
			);
			runOnlyForDeploymentPostprocessing = 0;
			shellPath = /bin/sh;
			shellScript = "\"${PODS_ROOT}/Target Support Files/Pods-Services-ServicesTests/Pods-Services-ServicesTests-frameworks.sh\"\n";
			showEnvVarsInLog = 0;
		};
/* End PBXShellScriptBuildPhase section */

/* Begin PBXSourcesBuildPhase section */
		B0CC91E529A11FEC00FEF81C /* Sources */ = {
			isa = PBXSourcesBuildPhase;
			buildActionMask = 2147483647;
			files = (
				B0CC921E29A1231400FEF81C /* TaipeiTravelAPI+Attraction.swift in Sources */,
				B0CC921C29A1231400FEF81C /* BasicNetworkLoggerPlugin.swift in Sources */,
				B0CC921D29A1231400FEF81C /* TaipeiTravelAPI.swift in Sources */,
				B0CC921B29A1231400FEF81C /* RResult.swift in Sources */,
				B0CC921F29A1231400FEF81C /* TaipeiTravelAPI+Bridging.swift in Sources */,
				B0CC921A29A1231400FEF81C /* TaipeiTravelAPI+Models.swift in Sources */,
				B0CC921929A1231400FEF81C /* TaipeiTravelAttractionService.swift in Sources */,
			);
			runOnlyForDeploymentPostprocessing = 0;
		};
		B0CC91ED29A11FEC00FEF81C /* Sources */ = {
			isa = PBXSourcesBuildPhase;
			buildActionMask = 2147483647;
			files = (
				B0CC91F729A11FEC00FEF81C /* ServicesTests.swift in Sources */,
			);
			runOnlyForDeploymentPostprocessing = 0;
		};
/* End PBXSourcesBuildPhase section */

/* Begin PBXTargetDependency section */
		B0CC91F429A11FEC00FEF81C /* PBXTargetDependency */ = {
			isa = PBXTargetDependency;
			target = B0CC91E829A11FEC00FEF81C /* Services */;
			targetProxy = B0CC91F329A11FEC00FEF81C /* PBXContainerItemProxy */;
		};
/* End PBXTargetDependency section */

/* Begin XCBuildConfiguration section */
		B0CC91F929A11FEC00FEF81C /* Debug */ = {
			isa = XCBuildConfiguration;
			buildSettings = {
				ALWAYS_SEARCH_USER_PATHS = NO;
				CLANG_ANALYZER_NONNULL = YES;
				CLANG_ANALYZER_NUMBER_OBJECT_CONVERSION = YES_AGGRESSIVE;
				CLANG_CXX_LANGUAGE_STANDARD = "gnu++20";
				CLANG_ENABLE_MODULES = YES;
				CLANG_ENABLE_OBJC_ARC = YES;
				CLANG_ENABLE_OBJC_WEAK = YES;
				CLANG_WARN_BLOCK_CAPTURE_AUTORELEASING = YES;
				CLANG_WARN_BOOL_CONVERSION = YES;
				CLANG_WARN_COMMA = YES;
				CLANG_WARN_CONSTANT_CONVERSION = YES;
				CLANG_WARN_DEPRECATED_OBJC_IMPLEMENTATIONS = YES;
				CLANG_WARN_DIRECT_OBJC_ISA_USAGE = YES_ERROR;
				CLANG_WARN_DOCUMENTATION_COMMENTS = YES;
				CLANG_WARN_EMPTY_BODY = YES;
				CLANG_WARN_ENUM_CONVERSION = YES;
				CLANG_WARN_INFINITE_RECURSION = YES;
				CLANG_WARN_INT_CONVERSION = YES;
				CLANG_WARN_NON_LITERAL_NULL_CONVERSION = YES;
				CLANG_WARN_OBJC_IMPLICIT_RETAIN_SELF = YES;
				CLANG_WARN_OBJC_LITERAL_CONVERSION = YES;
				CLANG_WARN_OBJC_ROOT_CLASS = YES_ERROR;
				CLANG_WARN_QUOTED_INCLUDE_IN_FRAMEWORK_HEADER = YES;
				CLANG_WARN_RANGE_LOOP_ANALYSIS = YES;
				CLANG_WARN_STRICT_PROTOTYPES = YES;
				CLANG_WARN_SUSPICIOUS_MOVE = YES;
				CLANG_WARN_UNGUARDED_AVAILABILITY = YES_AGGRESSIVE;
				CLANG_WARN_UNREACHABLE_CODE = YES;
				CLANG_WARN__DUPLICATE_METHOD_MATCH = YES;
				COPY_PHASE_STRIP = NO;
				CURRENT_PROJECT_VERSION = 1;
				DEBUG_INFORMATION_FORMAT = dwarf;
				ENABLE_STRICT_OBJC_MSGSEND = YES;
				ENABLE_TESTABILITY = YES;
				GCC_C_LANGUAGE_STANDARD = gnu11;
				GCC_DYNAMIC_NO_PIC = NO;
				GCC_NO_COMMON_BLOCKS = YES;
				GCC_OPTIMIZATION_LEVEL = 0;
				GCC_PREPROCESSOR_DEFINITIONS = (
					"DEBUG=1",
					"$(inherited)",
				);
				GCC_WARN_64_TO_32_BIT_CONVERSION = YES;
				GCC_WARN_ABOUT_RETURN_TYPE = YES_ERROR;
				GCC_WARN_UNDECLARED_SELECTOR = YES;
				GCC_WARN_UNINITIALIZED_AUTOS = YES_AGGRESSIVE;
				GCC_WARN_UNUSED_FUNCTION = YES;
				GCC_WARN_UNUSED_VARIABLE = YES;
				IPHONEOS_DEPLOYMENT_TARGET = 16.1;
				MTL_ENABLE_DEBUG_INFO = INCLUDE_SOURCE;
				MTL_FAST_MATH = YES;
				ONLY_ACTIVE_ARCH = YES;
				SDKROOT = iphoneos;
				SWIFT_ACTIVE_COMPILATION_CONDITIONS = DEBUG;
				SWIFT_OPTIMIZATION_LEVEL = "-Onone";
				VERSIONING_SYSTEM = "apple-generic";
				VERSION_INFO_PREFIX = "";
			};
			name = Debug;
		};
		B0CC91FA29A11FEC00FEF81C /* Release */ = {
			isa = XCBuildConfiguration;
			buildSettings = {
				ALWAYS_SEARCH_USER_PATHS = NO;
				CLANG_ANALYZER_NONNULL = YES;
				CLANG_ANALYZER_NUMBER_OBJECT_CONVERSION = YES_AGGRESSIVE;
				CLANG_CXX_LANGUAGE_STANDARD = "gnu++20";
				CLANG_ENABLE_MODULES = YES;
				CLANG_ENABLE_OBJC_ARC = YES;
				CLANG_ENABLE_OBJC_WEAK = YES;
				CLANG_WARN_BLOCK_CAPTURE_AUTORELEASING = YES;
				CLANG_WARN_BOOL_CONVERSION = YES;
				CLANG_WARN_COMMA = YES;
				CLANG_WARN_CONSTANT_CONVERSION = YES;
				CLANG_WARN_DEPRECATED_OBJC_IMPLEMENTATIONS = YES;
				CLANG_WARN_DIRECT_OBJC_ISA_USAGE = YES_ERROR;
				CLANG_WARN_DOCUMENTATION_COMMENTS = YES;
				CLANG_WARN_EMPTY_BODY = YES;
				CLANG_WARN_ENUM_CONVERSION = YES;
				CLANG_WARN_INFINITE_RECURSION = YES;
				CLANG_WARN_INT_CONVERSION = YES;
				CLANG_WARN_NON_LITERAL_NULL_CONVERSION = YES;
				CLANG_WARN_OBJC_IMPLICIT_RETAIN_SELF = YES;
				CLANG_WARN_OBJC_LITERAL_CONVERSION = YES;
				CLANG_WARN_OBJC_ROOT_CLASS = YES_ERROR;
				CLANG_WARN_QUOTED_INCLUDE_IN_FRAMEWORK_HEADER = YES;
				CLANG_WARN_RANGE_LOOP_ANALYSIS = YES;
				CLANG_WARN_STRICT_PROTOTYPES = YES;
				CLANG_WARN_SUSPICIOUS_MOVE = YES;
				CLANG_WARN_UNGUARDED_AVAILABILITY = YES_AGGRESSIVE;
				CLANG_WARN_UNREACHABLE_CODE = YES;
				CLANG_WARN__DUPLICATE_METHOD_MATCH = YES;
				COPY_PHASE_STRIP = NO;
				CURRENT_PROJECT_VERSION = 1;
				DEBUG_INFORMATION_FORMAT = "dwarf-with-dsym";
				ENABLE_NS_ASSERTIONS = NO;
				ENABLE_STRICT_OBJC_MSGSEND = YES;
				GCC_C_LANGUAGE_STANDARD = gnu11;
				GCC_NO_COMMON_BLOCKS = YES;
				GCC_WARN_64_TO_32_BIT_CONVERSION = YES;
				GCC_WARN_ABOUT_RETURN_TYPE = YES_ERROR;
				GCC_WARN_UNDECLARED_SELECTOR = YES;
				GCC_WARN_UNINITIALIZED_AUTOS = YES_AGGRESSIVE;
				GCC_WARN_UNUSED_FUNCTION = YES;
				GCC_WARN_UNUSED_VARIABLE = YES;
				IPHONEOS_DEPLOYMENT_TARGET = 16.1;
				MTL_ENABLE_DEBUG_INFO = NO;
				MTL_FAST_MATH = YES;
				SDKROOT = iphoneos;
				SWIFT_COMPILATION_MODE = wholemodule;
				SWIFT_OPTIMIZATION_LEVEL = "-O";
				VALIDATE_PRODUCT = YES;
				VERSIONING_SYSTEM = "apple-generic";
				VERSION_INFO_PREFIX = "";
			};
			name = Release;
		};
		B0CC91FC29A11FEC00FEF81C /* Debug */ = {
			isa = XCBuildConfiguration;
			baseConfigurationReference = 9C493478668EA78B36AA12B5 /* Pods-Services-Services.debug.xcconfig */;
			buildSettings = {
				CODE_SIGN_STYLE = Automatic;
				CURRENT_PROJECT_VERSION = 1;
				DEFINES_MODULE = YES;
				DYLIB_COMPATIBILITY_VERSION = 1;
				DYLIB_CURRENT_VERSION = 1;
				DYLIB_INSTALL_NAME_BASE = "@rpath";
				GENERATE_INFOPLIST_FILE = YES;
				INFOPLIST_KEY_NSHumanReadableCopyright = "";
				INSTALL_PATH = "$(LOCAL_LIBRARY_DIR)/Frameworks";
				IPHONEOS_DEPLOYMENT_TARGET = 13.0;
				LD_RUNPATH_SEARCH_PATHS = (
					"$(inherited)",
					"@executable_path/Frameworks",
					"@loader_path/Frameworks",
				);
				MARKETING_VERSION = 1.0;
				PRODUCT_BUNDLE_IDENTIFIER = com.test.Services;
				PRODUCT_NAME = "$(TARGET_NAME:c99extidentifier)";
				SKIP_INSTALL = YES;
				SWIFT_EMIT_LOC_STRINGS = YES;
				SWIFT_VERSION = 5.0;
				TARGETED_DEVICE_FAMILY = "1,2";
			};
			name = Debug;
		};
		B0CC91FD29A11FEC00FEF81C /* Release */ = {
			isa = XCBuildConfiguration;
			baseConfigurationReference = 42DA7DC91578BA899C3199DB /* Pods-Services-Services.release.xcconfig */;
			buildSettings = {
				CODE_SIGN_STYLE = Automatic;
				CURRENT_PROJECT_VERSION = 1;
				DEFINES_MODULE = YES;
				DYLIB_COMPATIBILITY_VERSION = 1;
				DYLIB_CURRENT_VERSION = 1;
				DYLIB_INSTALL_NAME_BASE = "@rpath";
				GENERATE_INFOPLIST_FILE = YES;
				INFOPLIST_KEY_NSHumanReadableCopyright = "";
				INSTALL_PATH = "$(LOCAL_LIBRARY_DIR)/Frameworks";
				IPHONEOS_DEPLOYMENT_TARGET = 13.0;
				LD_RUNPATH_SEARCH_PATHS = (
					"$(inherited)",
					"@executable_path/Frameworks",
					"@loader_path/Frameworks",
				);
				MARKETING_VERSION = 1.0;
				PRODUCT_BUNDLE_IDENTIFIER = com.test.Services;
				PRODUCT_NAME = "$(TARGET_NAME:c99extidentifier)";
				SKIP_INSTALL = YES;
				SWIFT_EMIT_LOC_STRINGS = YES;
				SWIFT_VERSION = 5.0;
				TARGETED_DEVICE_FAMILY = "1,2";
			};
			name = Release;
		};
		B0CC91FF29A11FEC00FEF81C /* Debug */ = {
			isa = XCBuildConfiguration;
			baseConfigurationReference = 1C4E93A4DA877936A7B996E4 /* Pods-Services-ServicesTests.debug.xcconfig */;
			buildSettings = {
				CODE_SIGN_STYLE = Automatic;
				CURRENT_PROJECT_VERSION = 1;
				GENERATE_INFOPLIST_FILE = YES;
				MARKETING_VERSION = 1.0;
				PRODUCT_BUNDLE_IDENTIFIER = com.test.ServicesTests;
				PRODUCT_NAME = "$(TARGET_NAME)";
				SWIFT_EMIT_LOC_STRINGS = NO;
				SWIFT_VERSION = 5.0;
				TARGETED_DEVICE_FAMILY = "1,2";
			};
			name = Debug;
		};
		B0CC920029A11FEC00FEF81C /* Release */ = {
			isa = XCBuildConfiguration;
			baseConfigurationReference = 2381CC4428DF6CC183022171 /* Pods-Services-ServicesTests.release.xcconfig */;
			buildSettings = {
				CODE_SIGN_STYLE = Automatic;
				CURRENT_PROJECT_VERSION = 1;
				GENERATE_INFOPLIST_FILE = YES;
				MARKETING_VERSION = 1.0;
				PRODUCT_BUNDLE_IDENTIFIER = com.test.ServicesTests;
				PRODUCT_NAME = "$(TARGET_NAME)";
				SWIFT_EMIT_LOC_STRINGS = NO;
				SWIFT_VERSION = 5.0;
				TARGETED_DEVICE_FAMILY = "1,2";
			};
			name = Release;
		};
/* End XCBuildConfiguration section */

/* Begin XCConfigurationList section */
		B0CC91E329A11FEC00FEF81C /* Build configuration list for PBXProject "Services" */ = {
			isa = XCConfigurationList;
			buildConfigurations = (
				B0CC91F929A11FEC00FEF81C /* Debug */,
				B0CC91FA29A11FEC00FEF81C /* Release */,
			);
			defaultConfigurationIsVisible = 0;
			defaultConfigurationName = Release;
		};
		B0CC91FB29A11FEC00FEF81C /* Build configuration list for PBXNativeTarget "Services" */ = {
			isa = XCConfigurationList;
			buildConfigurations = (
				B0CC91FC29A11FEC00FEF81C /* Debug */,
				B0CC91FD29A11FEC00FEF81C /* Release */,
			);
			defaultConfigurationIsVisible = 0;
			defaultConfigurationName = Release;
		};
		B0CC91FE29A11FEC00FEF81C /* Build configuration list for PBXNativeTarget "ServicesTests" */ = {
			isa = XCConfigurationList;
			buildConfigurations = (
				B0CC91FF29A11FEC00FEF81C /* Debug */,
				B0CC920029A11FEC00FEF81C /* Release */,
			);
			defaultConfigurationIsVisible = 0;
			defaultConfigurationName = Release;
		};
/* End XCConfigurationList section */
	};
	rootObject = B0CC91E029A11FEC00FEF81C /* Project object */;
}
