PODS:
  - Alamofire (4.8.2)
  - IORequestable (0.1.6):
    - IORequestable/Core (= 0.1.6)
  - IORequestable/Core (0.1.6):
    - Alamofire (~> 4.8.0)
    - Moya (~> 12.0.0)
    - Result
  - Kingfisher (7.6.1)
  - Moya (12.0.1):
    - Moya/Core (= 12.0.1)
  - Moya/Core (12.0.1):
    - Alamofire (~> 4.1)
    - Result (~> 4.0)
  - Result (4.1.0)
  - RxCocoa (6.5.0):
    - RxRelay (= 6.5.0)
    - RxSwift (= 6.5.0)
  - RxOptional (5.0.2):
    - RxCocoa (~> 6.0)
    - RxSwift (~> 6.0)
  - RxRelay (6.5.0):
    - RxSwift (= 6.5.0)
  - RxSwift (6.5.0)
  - RxViewController (2.0.0):
    - RxCocoa (~> 6.0)
    - RxSwift (~> 6.0)
  - SnapKit (5.6.0)

DEPENDENCIES:
  - IORequestable
  - Kingfisher
  - RxCocoa
  - RxOptional
  - RxSwift
  - RxViewController
  - SnapKit

SPEC REPOS:
  trunk:
    - Alamofire
    - IORequestable
    - Kingfisher
    - Moya
    - Result
    - RxCocoa
    - RxOptional
    - RxRelay
    - RxSwift
    - RxViewController
    - SnapKit

SPEC CHECKSUMS:
  Alamofire: ae5c501addb7afdbb13687d7f2f722c78734c2d3
  IORequestable: 10a36084f96de04f19cb073404165b0888a76579
  Kingfisher: 93a3c6d0d551658a31e19f21747e1d15cb39d525
  Moya: cf730b3cd9e005401ef37a85143aa141a12fd38f
  Result: bd966fac789cc6c1563440b348ab2598cc24d5c7
  RxCocoa: 94f817b71c07517321eb4f9ad299112ca8af743b
  RxOptional: 3664964c96b69dd20c9cf78bdfe546615e26eca8
  RxRelay: 1de1523e604c72b6c68feadedd1af3b1b4d0ecbd
  RxSwift: 5710a9e6b17f3c3d6e40d6e559b9fa1e813b2ef8
  RxViewController: 56486fa0afd629a1d6b5ba077f3b8cd9dc31b5d2
  SnapKit: e01d52ebb8ddbc333eefe2132acf85c8227d9c25

PODFILE CHECKSUM: e6685a69442df09066832658c7a9fd3b40f11e25

COCOAPODS: 1.10.2
