// !$*UTF8*$!
{
	archiveVersion = 1;
	classes = {
	};
	objectVersion = 56;
	objects = {

/* Begin PBXBuildFile section */
		02F1A079C94A205933E1B4AC /* Pods_Utilities_UtilitiesTests.framework in Frameworks */ = {isa = PBXBuildFile; fileRef = 47C5BAB8D209AAEB006C74B9 /* Pods_Utilities_UtilitiesTests.framework */; };
		5CDD29CE019231FC156728BB /* Pods_Utilities_Utilities.framework in Frameworks */ = {isa = PBXBuildFile; fileRef = 7797D2EFFE9FC23573A76526 /* Pods_Utilities_Utilities.framework */; };
		B03F6D15299F74CE007D663A /* Utilities.framework in Frameworks */ = {isa = PBXBuildFile; fileRef = B03F6D0C299F74CE007D663A /* Utilities.framework */; };
		B03F6D1A299F74CE007D663A /* UIViewController+Embed+Tests.swift in Sources */ = {isa = PBXBuildFile; fileRef = B03F6D19299F74CE007D663A /* UIViewController+Embed+Tests.swift */; };
		B03F6D1B299F74CE007D663A /* Utilities.h in Headers */ = {isa = PBXBuildFile; fileRef = B03F6D0F299F74CE007D663A /* Utilities.h */; settings = {ATTRIBUTES = (Public, ); }; };
		B03F6D2F299F74E1007D663A /* Stored.swift in Sources */ = {isa = PBXBuildFile; fileRef = B03F6D2E299F74E1007D663A /* Stored.swift */; };
		B03F6D30299F74E1007D663A /* UIViewController+Embed.swift in Sources */ = {isa = PBXBuildFile; fileRef = B03F6D2D299F74E1007D663A /* UIViewController+Embed.swift */; };
		B03F6D39299F8137007D663A /* Stored+Tests.swift in Sources */ = {isa = PBXBuildFile; fileRef = B03F6D38299F8137007D663A /* Stored+Tests.swift */; };
/* End PBXBuildFile section */

/* Begin PBXContainerItemProxy section */
		B03F6D16299F74CE007D663A /* PBXContainerItemProxy */ = {
			isa = PBXContainerItemProxy;
			containerPortal = B03F6D03299F74CE007D663A /* Project object */;
			proxyType = 1;
			remoteGlobalIDString = B03F6D0B299F74CE007D663A;
			remoteInfo = Utilities;
		};
/* End PBXContainerItemProxy section */

/* Begin PBXFileReference section */
		47C5BAB8D209AAEB006C74B9 /* Pods_Utilities_UtilitiesTests.framework */ = {isa = PBXFileReference; explicitFileType = wrapper.framework; includeInIndex = 0; path = Pods_Utilities_UtilitiesTests.framework; sourceTree = BUILT_PRODUCTS_DIR; };
		494A70C33349EA5D2F5CA604 /* Pods-Utilities-Utilities.debug.xcconfig */ = {isa = PBXFileReference; includeInIndex = 1; lastKnownFileType = text.xcconfig; name = "Pods-Utilities-Utilities.debug.xcconfig"; path = "Target Support Files/Pods-Utilities-Utilities/Pods-Utilities-Utilities.debug.xcconfig"; sourceTree = "<group>"; };
		54D98CBDDBB52A6BF041458F /* Pods-Utilities.release.xcconfig */ = {isa = PBXFileReference; includeInIndex = 1; lastKnownFileType = text.xcconfig; name = "Pods-Utilities.release.xcconfig"; path = "Target Support Files/Pods-Utilities/Pods-Utilities.release.xcconfig"; sourceTree = "<group>"; };
		6B230E644C15F51C57A62F4D /* Pods-Utilities-Utilities.release.xcconfig */ = {isa = PBXFileReference; includeInIndex = 1; lastKnownFileType = text.xcconfig; name = "Pods-Utilities-Utilities.release.xcconfig"; path = "Target Support Files/Pods-Utilities-Utilities/Pods-Utilities-Utilities.release.xcconfig"; sourceTree = "<group>"; };
		7797D2EFFE9FC23573A76526 /* Pods_Utilities_Utilities.framework */ = {isa = PBXFileReference; explicitFileType = wrapper.framework; includeInIndex = 0; path = Pods_Utilities_Utilities.framework; sourceTree = BUILT_PRODUCTS_DIR; };
		A97EE53A364A98F85F5EC212 /* Pods-Utilities-UtilitiesTests.release.xcconfig */ = {isa = PBXFileReference; includeInIndex = 1; lastKnownFileType = text.xcconfig; name = "Pods-Utilities-UtilitiesTests.release.xcconfig"; path = "Target Support Files/Pods-Utilities-UtilitiesTests/Pods-Utilities-UtilitiesTests.release.xcconfig"; sourceTree = "<group>"; };
		B03F6D0C299F74CE007D663A /* Utilities.framework */ = {isa = PBXFileReference; explicitFileType = wrapper.framework; includeInIndex = 0; path = Utilities.framework; sourceTree = BUILT_PRODUCTS_DIR; };
		B03F6D0F299F74CE007D663A /* Utilities.h */ = {isa = PBXFileReference; lastKnownFileType = sourcecode.c.h; path = Utilities.h; sourceTree = "<group>"; };
		B03F6D14299F74CE007D663A /* UtilitiesTests.xctest */ = {isa = PBXFileReference; explicitFileType = wrapper.cfbundle; includeInIndex = 0; path = UtilitiesTests.xctest; sourceTree = BUILT_PRODUCTS_DIR; };
		B03F6D19299F74CE007D663A /* UIViewController+Embed+Tests.swift */ = {isa = PBXFileReference; lastKnownFileType = sourcecode.swift; path = "UIViewController+Embed+Tests.swift"; sourceTree = "<group>"; };
		B03F6D2D299F74E1007D663A /* UIViewController+Embed.swift */ = {isa = PBXFileReference; lastKnownFileType = sourcecode.swift; path = "UIViewController+Embed.swift"; sourceTree = "<group>"; };
		B03F6D2E299F74E1007D663A /* Stored.swift */ = {isa = PBXFileReference; lastKnownFileType = sourcecode.swift; path = Stored.swift; sourceTree = "<group>"; };
		B03F6D38299F8137007D663A /* Stored+Tests.swift */ = {isa = PBXFileReference; lastKnownFileType = sourcecode.swift; path = "Stored+Tests.swift"; sourceTree = "<group>"; };
		B67B9F48082F0C7571C6DFCD /* Pods-Utilities.debug.xcconfig */ = {isa = PBXFileReference; includeInIndex = 1; lastKnownFileType = text.xcconfig; name = "Pods-Utilities.debug.xcconfig"; path = "Target Support Files/Pods-Utilities/Pods-Utilities.debug.xcconfig"; sourceTree = "<group>"; };
		F6ABCE0B812D8DED08963E58 /* Pods-Utilities-UtilitiesTests.debug.xcconfig */ = {isa = PBXFileReference; includeInIndex = 1; lastKnownFileType = text.xcconfig; name = "Pods-Utilities-UtilitiesTests.debug.xcconfig"; path = "Target Support Files/Pods-Utilities-UtilitiesTests/Pods-Utilities-UtilitiesTests.debug.xcconfig"; sourceTree = "<group>"; };
/* End PBXFileReference section */

/* Begin PBXFrameworksBuildPhase section */
		B03F6D09299F74CE007D663A /* Frameworks */ = {
			isa = PBXFrameworksBuildPhase;
			buildActionMask = 2147483647;
			files = (
				5CDD29CE019231FC156728BB /* Pods_Utilities_Utilities.framework in Frameworks */,
			);
			runOnlyForDeploymentPostprocessing = 0;
		};
		B03F6D11299F74CE007D663A /* Frameworks */ = {
			isa = PBXFrameworksBuildPhase;
			buildActionMask = 2147483647;
			files = (
				B03F6D15299F74CE007D663A /* Utilities.framework in Frameworks */,
				02F1A079C94A205933E1B4AC /* Pods_Utilities_UtilitiesTests.framework in Frameworks */,
			);
			runOnlyForDeploymentPostprocessing = 0;
		};
/* End PBXFrameworksBuildPhase section */

/* Begin PBXGroup section */
		88064518D095A7993B6C07C6 /* Frameworks */ = {
			isa = PBXGroup;
			children = (
				47C5BAB8D209AAEB006C74B9 /* Pods_Utilities_UtilitiesTests.framework */,
				7797D2EFFE9FC23573A76526 /* Pods_Utilities_Utilities.framework */,
			);
			name = Frameworks;
			sourceTree = "<group>";
		};
		B03F6D02299F74CE007D663A = {
			isa = PBXGroup;
			children = (
				B03F6D0E299F74CE007D663A /* Utilities */,
				B03F6D18299F74CE007D663A /* UtilitiesTests */,
				B03F6D0D299F74CE007D663A /* Products */,
				BCFC9D8382D2AC50CA21667E /* Pods */,
				88064518D095A7993B6C07C6 /* Frameworks */,
			);
			sourceTree = "<group>";
		};
		B03F6D0D299F74CE007D663A /* Products */ = {
			isa = PBXGroup;
			children = (
				B03F6D0C299F74CE007D663A /* Utilities.framework */,
				B03F6D14299F74CE007D663A /* UtilitiesTests.xctest */,
			);
			name = Products;
			sourceTree = "<group>";
		};
		B03F6D0E299F74CE007D663A /* Utilities */ = {
			isa = PBXGroup;
			children = (
				B03F6D2D299F74E1007D663A /* UIViewController+Embed.swift */,
				B03F6D2E299F74E1007D663A /* Stored.swift */,
				B03F6D0F299F74CE007D663A /* Utilities.h */,
			);
			path = Utilities;
			sourceTree = "<group>";
		};
		B03F6D18299F74CE007D663A /* UtilitiesTests */ = {
			isa = PBXGroup;
			children = (
				B03F6D19299F74CE007D663A /* UIViewController+Embed+Tests.swift */,
				B03F6D38299F8137007D663A /* Stored+Tests.swift */,
			);
			path = UtilitiesTests;
			sourceTree = "<group>";
		};
		BCFC9D8382D2AC50CA21667E /* Pods */ = {
			isa = PBXGroup;
			children = (
				B67B9F48082F0C7571C6DFCD /* Pods-Utilities.debug.xcconfig */,
				54D98CBDDBB52A6BF041458F /* Pods-Utilities.release.xcconfig */,
				494A70C33349EA5D2F5CA604 /* Pods-Utilities-Utilities.debug.xcconfig */,
				6B230E644C15F51C57A62F4D /* Pods-Utilities-Utilities.release.xcconfig */,
				F6ABCE0B812D8DED08963E58 /* Pods-Utilities-UtilitiesTests.debug.xcconfig */,
				A97EE53A364A98F85F5EC212 /* Pods-Utilities-UtilitiesTests.release.xcconfig */,
			);
			name = Pods;
			path = ../../Pods;
			sourceTree = "<group>";
		};
/* End PBXGroup section */

/* Begin PBXHeadersBuildPhase section */
		B03F6D07299F74CE007D663A /* Headers */ = {
			isa = PBXHeadersBuildPhase;
			buildActionMask = 2147483647;
			files = (
				B03F6D1B299F74CE007D663A /* Utilities.h in Headers */,
			);
			runOnlyForDeploymentPostprocessing = 0;
		};
/* End PBXHeadersBuildPhase section */

/* Begin PBXNativeTarget section */
		B03F6D0B299F74CE007D663A /* Utilities */ = {
			isa = PBXNativeTarget;
			buildConfigurationList = B03F6D1E299F74CE007D663A /* Build configuration list for PBXNativeTarget "Utilities" */;
			buildPhases = (
				E94B03EF5FFE4208FBC26FBD /* [CP] Check Pods Manifest.lock */,
				B03F6D07299F74CE007D663A /* Headers */,
				B03F6D08299F74CE007D663A /* Sources */,
				B03F6D09299F74CE007D663A /* Frameworks */,
				B03F6D0A299F74CE007D663A /* Resources */,
			);
			buildRules = (
			);
			dependencies = (
			);
			name = Utilities;
			productName = Utilities;
			productReference = B03F6D0C299F74CE007D663A /* Utilities.framework */;
			productType = "com.apple.product-type.framework";
		};
		B03F6D13299F74CE007D663A /* UtilitiesTests */ = {
			isa = PBXNativeTarget;
			buildConfigurationList = B03F6D21299F74CE007D663A /* Build configuration list for PBXNativeTarget "UtilitiesTests" */;
			buildPhases = (
				97FF9A057CAC7C810C139857 /* [CP] Check Pods Manifest.lock */,
				B03F6D10299F74CE007D663A /* Sources */,
				B03F6D11299F74CE007D663A /* Frameworks */,
				B03F6D12299F74CE007D663A /* Resources */,
				DE1A2F4628D6599635BD3254 /* [CP] Embed Pods Frameworks */,
			);
			buildRules = (
			);
			dependencies = (
				B03F6D17299F74CE007D663A /* PBXTargetDependency */,
			);
			name = UtilitiesTests;
			productName = UtilitiesTests;
			productReference = B03F6D14299F74CE007D663A /* UtilitiesTests.xctest */;
			productType = "com.apple.product-type.bundle.unit-test";
		};
/* End PBXNativeTarget section */

/* Begin PBXProject section */
		B03F6D03299F74CE007D663A /* Project object */ = {
			isa = PBXProject;
			attributes = {
				BuildIndependentTargetsInParallel = 1;
				LastSwiftUpdateCheck = 1410;
				LastUpgradeCheck = 1410;
				TargetAttributes = {
					B03F6D0B299F74CE007D663A = {
						CreatedOnToolsVersion = 14.1;
					};
					B03F6D13299F74CE007D663A = {
						CreatedOnToolsVersion = 14.1;
					};
				};
			};
			buildConfigurationList = B03F6D06299F74CE007D663A /* Build configuration list for PBXProject "Utilities" */;
			compatibilityVersion = "Xcode 14.0";
			developmentRegion = en;
			hasScannedForEncodings = 0;
			knownRegions = (
				en,
				Base,
			);
			mainGroup = B03F6D02299F74CE007D663A;
			productRefGroup = B03F6D0D299F74CE007D663A /* Products */;
			projectDirPath = "";
			projectRoot = "";
			targets = (
				B03F6D0B299F74CE007D663A /* Utilities */,
				B03F6D13299F74CE007D663A /* UtilitiesTests */,
			);
		};
/* End PBXProject section */

/* Begin PBXResourcesBuildPhase section */
		B03F6D0A299F74CE007D663A /* Resources */ = {
			isa = PBXResourcesBuildPhase;
			buildActionMask = 2147483647;
			files = (
			);
			runOnlyForDeploymentPostprocessing = 0;
		};
		B03F6D12299F74CE007D663A /* Resources */ = {
			isa = PBXResourcesBuildPhase;
			buildActionMask = 2147483647;
			files = (
			);
			runOnlyForDeploymentPostprocessing = 0;
		};
/* End PBXResourcesBuildPhase section */

/* Begin PBXShellScriptBuildPhase section */
		97FF9A057CAC7C810C139857 /* [CP] Check Pods Manifest.lock */ = {
			isa = PBXShellScriptBuildPhase;
			buildActionMask = 2147483647;
			files = (
			);
			inputFileListPaths = (
			);
			inputPaths = (
				"${PODS_PODFILE_DIR_PATH}/Podfile.lock",
				"${PODS_ROOT}/Manifest.lock",
			);
			name = "[CP] Check Pods Manifest.lock";
			outputFileListPaths = (
			);
			outputPaths = (
				"$(DERIVED_FILE_DIR)/Pods-Utilities-UtilitiesTests-checkManifestLockResult.txt",
			);
			runOnlyForDeploymentPostprocessing = 0;
			shellPath = /bin/sh;
			shellScript = "diff \"${PODS_PODFILE_DIR_PATH}/Podfile.lock\" \"${PODS_ROOT}/Manifest.lock\" > /dev/null\nif [ $? != 0 ] ; then\n    # print error to STDERR\n    echo \"error: The sandbox is not in sync with the Podfile.lock. Run 'pod install' or update your CocoaPods installation.\" >&2\n    exit 1\nfi\n# This output is used by Xcode 'outputs' to avoid re-running this script phase.\necho \"SUCCESS\" > \"${SCRIPT_OUTPUT_FILE_0}\"\n";
			showEnvVarsInLog = 0;
		};
		DE1A2F4628D6599635BD3254 /* [CP] Embed Pods Frameworks */ = {
			isa = PBXShellScriptBuildPhase;
			buildActionMask = 2147483647;
			files = (
			);
			inputFileListPaths = (
				"${PODS_ROOT}/Target Support Files/Pods-Utilities-UtilitiesTests/Pods-Utilities-UtilitiesTests-frameworks-${CONFIGURATION}-input-files.xcfilelist",
			);
			name = "[CP] Embed Pods Frameworks";
			outputFileListPaths = (
				"${PODS_ROOT}/Target Support Files/Pods-Utilities-UtilitiesTests/Pods-Utilities-UtilitiesTests-frameworks-${CONFIGURATION}-output-files.xcfilelist",
			);
			runOnlyForDeploymentPostprocessing = 0;
			shellPath = /bin/sh;
			shellScript = "\"${PODS_ROOT}/Target Support Files/Pods-Utilities-UtilitiesTests/Pods-Utilities-UtilitiesTests-frameworks.sh\"\n";
			showEnvVarsInLog = 0;
		};
		E94B03EF5FFE4208FBC26FBD /* [CP] Check Pods Manifest.lock */ = {
			isa = PBXShellScriptBuildPhase;
			buildActionMask = 2147483647;
			files = (
			);
			inputFileListPaths = (
			);
			inputPaths = (
				"${PODS_PODFILE_DIR_PATH}/Podfile.lock",
				"${PODS_ROOT}/Manifest.lock",
			);
			name = "[CP] Check Pods Manifest.lock";
			outputFileListPaths = (
			);
			outputPaths = (
				"$(DERIVED_FILE_DIR)/Pods-Utilities-Utilities-checkManifestLockResult.txt",
			);
			runOnlyForDeploymentPostprocessing = 0;
			shellPath = /bin/sh;
			shellScript = "diff \"${PODS_PODFILE_DIR_PATH}/Podfile.lock\" \"${PODS_ROOT}/Manifest.lock\" > /dev/null\nif [ $? != 0 ] ; then\n    # print error to STDERR\n    echo \"error: The sandbox is not in sync with the Podfile.lock. Run 'pod install' or update your CocoaPods installation.\" >&2\n    exit 1\nfi\n# This output is used by Xcode 'outputs' to avoid re-running this script phase.\necho \"SUCCESS\" > \"${SCRIPT_OUTPUT_FILE_0}\"\n";
			showEnvVarsInLog = 0;
		};
/* End PBXShellScriptBuildPhase section */

/* Begin PBXSourcesBuildPhase section */
		B03F6D08299F74CE007D663A /* Sources */ = {
			isa = PBXSourcesBuildPhase;
			buildActionMask = 2147483647;
			files = (
				B03F6D30299F74E1007D663A /* UIViewController+Embed.swift in Sources */,
				B03F6D2F299F74E1007D663A /* Stored.swift in Sources */,
			);
			runOnlyForDeploymentPostprocessing = 0;
		};
		B03F6D10299F74CE007D663A /* Sources */ = {
			isa = PBXSourcesBuildPhase;
			buildActionMask = 2147483647;
			files = (
				B03F6D39299F8137007D663A /* Stored+Tests.swift in Sources */,
				B03F6D1A299F74CE007D663A /* UIViewController+Embed+Tests.swift in Sources */,
			);
			runOnlyForDeploymentPostprocessing = 0;
		};
/* End PBXSourcesBuildPhase section */

/* Begin PBXTargetDependency section */
		B03F6D17299F74CE007D663A /* PBXTargetDependency */ = {
			isa = PBXTargetDependency;
			target = B03F6D0B299F74CE007D663A /* Utilities */;
			targetProxy = B03F6D16299F74CE007D663A /* PBXContainerItemProxy */;
		};
/* End PBXTargetDependency section */

/* Begin XCBuildConfiguration section */
		B03F6D1C299F74CE007D663A /* Debug */ = {
			isa = XCBuildConfiguration;
			buildSettings = {
				ALWAYS_SEARCH_USER_PATHS = NO;
				CLANG_ANALYZER_NONNULL = YES;
				CLANG_ANALYZER_NUMBER_OBJECT_CONVERSION = YES_AGGRESSIVE;
				CLANG_CXX_LANGUAGE_STANDARD = "gnu++20";
				CLANG_ENABLE_MODULES = YES;
				CLANG_ENABLE_OBJC_ARC = YES;
				CLANG_ENABLE_OBJC_WEAK = YES;
				CLANG_WARN_BLOCK_CAPTURE_AUTORELEASING = YES;
				CLANG_WARN_BOOL_CONVERSION = YES;
				CLANG_WARN_COMMA = YES;
				CLANG_WARN_CONSTANT_CONVERSION = YES;
				CLANG_WARN_DEPRECATED_OBJC_IMPLEMENTATIONS = YES;
				CLANG_WARN_DIRECT_OBJC_ISA_USAGE = YES_ERROR;
				CLANG_WARN_DOCUMENTATION_COMMENTS = YES;
				CLANG_WARN_EMPTY_BODY = YES;
				CLANG_WARN_ENUM_CONVERSION = YES;
				CLANG_WARN_INFINITE_RECURSION = YES;
				CLANG_WARN_INT_CONVERSION = YES;
				CLANG_WARN_NON_LITERAL_NULL_CONVERSION = YES;
				CLANG_WARN_OBJC_IMPLICIT_RETAIN_SELF = YES;
				CLANG_WARN_OBJC_LITERAL_CONVERSION = YES;
				CLANG_WARN_OBJC_ROOT_CLASS = YES_ERROR;
				CLANG_WARN_QUOTED_INCLUDE_IN_FRAMEWORK_HEADER = YES;
				CLANG_WARN_RANGE_LOOP_ANALYSIS = YES;
				CLANG_WARN_STRICT_PROTOTYPES = YES;
				CLANG_WARN_SUSPICIOUS_MOVE = YES;
				CLANG_WARN_UNGUARDED_AVAILABILITY = YES_AGGRESSIVE;
				CLANG_WARN_UNREACHABLE_CODE = YES;
				CLANG_WARN__DUPLICATE_METHOD_MATCH = YES;
				COPY_PHASE_STRIP = NO;
				CURRENT_PROJECT_VERSION = 1;
				DEBUG_INFORMATION_FORMAT = dwarf;
				ENABLE_STRICT_OBJC_MSGSEND = YES;
				ENABLE_TESTABILITY = YES;
				GCC_C_LANGUAGE_STANDARD = gnu11;
				GCC_DYNAMIC_NO_PIC = NO;
				GCC_NO_COMMON_BLOCKS = YES;
				GCC_OPTIMIZATION_LEVEL = 0;
				GCC_PREPROCESSOR_DEFINITIONS = (
					"DEBUG=1",
					"$(inherited)",
				);
				GCC_WARN_64_TO_32_BIT_CONVERSION = YES;
				GCC_WARN_ABOUT_RETURN_TYPE = YES_ERROR;
				GCC_WARN_UNDECLARED_SELECTOR = YES;
				GCC_WARN_UNINITIALIZED_AUTOS = YES_AGGRESSIVE;
				GCC_WARN_UNUSED_FUNCTION = YES;
				GCC_WARN_UNUSED_VARIABLE = YES;
				IPHONEOS_DEPLOYMENT_TARGET = 16.1;
				MTL_ENABLE_DEBUG_INFO = INCLUDE_SOURCE;
				MTL_FAST_MATH = YES;
				ONLY_ACTIVE_ARCH = YES;
				SDKROOT = iphoneos;
				SWIFT_ACTIVE_COMPILATION_CONDITIONS = DEBUG;
				SWIFT_OPTIMIZATION_LEVEL = "-Onone";
				VERSIONING_SYSTEM = "apple-generic";
				VERSION_INFO_PREFIX = "";
			};
			name = Debug;
		};
		B03F6D1D299F74CE007D663A /* Release */ = {
			isa = XCBuildConfiguration;
			buildSettings = {
				ALWAYS_SEARCH_USER_PATHS = NO;
				CLANG_ANALYZER_NONNULL = YES;
				CLANG_ANALYZER_NUMBER_OBJECT_CONVERSION = YES_AGGRESSIVE;
				CLANG_CXX_LANGUAGE_STANDARD = "gnu++20";
				CLANG_ENABLE_MODULES = YES;
				CLANG_ENABLE_OBJC_ARC = YES;
				CLANG_ENABLE_OBJC_WEAK = YES;
				CLANG_WARN_BLOCK_CAPTURE_AUTORELEASING = YES;
				CLANG_WARN_BOOL_CONVERSION = YES;
				CLANG_WARN_COMMA = YES;
				CLANG_WARN_CONSTANT_CONVERSION = YES;
				CLANG_WARN_DEPRECATED_OBJC_IMPLEMENTATIONS = YES;
				CLANG_WARN_DIRECT_OBJC_ISA_USAGE = YES_ERROR;
				CLANG_WARN_DOCUMENTATION_COMMENTS = YES;
				CLANG_WARN_EMPTY_BODY = YES;
				CLANG_WARN_ENUM_CONVERSION = YES;
				CLANG_WARN_INFINITE_RECURSION = YES;
				CLANG_WARN_INT_CONVERSION = YES;
				CLANG_WARN_NON_LITERAL_NULL_CONVERSION = YES;
				CLANG_WARN_OBJC_IMPLICIT_RETAIN_SELF = YES;
				CLANG_WARN_OBJC_LITERAL_CONVERSION = YES;
				CLANG_WARN_OBJC_ROOT_CLASS = YES_ERROR;
				CLANG_WARN_QUOTED_INCLUDE_IN_FRAMEWORK_HEADER = YES;
				CLANG_WARN_RANGE_LOOP_ANALYSIS = YES;
				CLANG_WARN_STRICT_PROTOTYPES = YES;
				CLANG_WARN_SUSPICIOUS_MOVE = YES;
				CLANG_WARN_UNGUARDED_AVAILABILITY = YES_AGGRESSIVE;
				CLANG_WARN_UNREACHABLE_CODE = YES;
				CLANG_WARN__DUPLICATE_METHOD_MATCH = YES;
				COPY_PHASE_STRIP = NO;
				CURRENT_PROJECT_VERSION = 1;
				DEBUG_INFORMATION_FORMAT = "dwarf-with-dsym";
				ENABLE_NS_ASSERTIONS = NO;
				ENABLE_STRICT_OBJC_MSGSEND = YES;
				GCC_C_LANGUAGE_STANDARD = gnu11;
				GCC_NO_COMMON_BLOCKS = YES;
				GCC_WARN_64_TO_32_BIT_CONVERSION = YES;
				GCC_WARN_ABOUT_RETURN_TYPE = YES_ERROR;
				GCC_WARN_UNDECLARED_SELECTOR = YES;
				GCC_WARN_UNINITIALIZED_AUTOS = YES_AGGRESSIVE;
				GCC_WARN_UNUSED_FUNCTION = YES;
				GCC_WARN_UNUSED_VARIABLE = YES;
				IPHONEOS_DEPLOYMENT_TARGET = 16.1;
				MTL_ENABLE_DEBUG_INFO = NO;
				MTL_FAST_MATH = YES;
				SDKROOT = iphoneos;
				SWIFT_COMPILATION_MODE = wholemodule;
				SWIFT_OPTIMIZATION_LEVEL = "-O";
				VALIDATE_PRODUCT = YES;
				VERSIONING_SYSTEM = "apple-generic";
				VERSION_INFO_PREFIX = "";
			};
			name = Release;
		};
		B03F6D1F299F74CE007D663A /* Debug */ = {
			isa = XCBuildConfiguration;
			baseConfigurationReference = 494A70C33349EA5D2F5CA604 /* Pods-Utilities-Utilities.debug.xcconfig */;
			buildSettings = {
				CODE_SIGN_STYLE = Automatic;
				CURRENT_PROJECT_VERSION = 1;
				DEFINES_MODULE = YES;
				DYLIB_COMPATIBILITY_VERSION = 1;
				DYLIB_CURRENT_VERSION = 1;
				DYLIB_INSTALL_NAME_BASE = "@rpath";
				GENERATE_INFOPLIST_FILE = YES;
				INFOPLIST_KEY_NSHumanReadableCopyright = "";
				INSTALL_PATH = "$(LOCAL_LIBRARY_DIR)/Frameworks";
				IPHONEOS_DEPLOYMENT_TARGET = 13.0;
				LD_RUNPATH_SEARCH_PATHS = (
					"$(inherited)",
					"@executable_path/Frameworks",
					"@loader_path/Frameworks",
				);
				MARKETING_VERSION = 1.0;
				PRODUCT_BUNDLE_IDENTIFIER = com.test.Utilities;
				PRODUCT_NAME = "$(TARGET_NAME:c99extidentifier)";
				SKIP_INSTALL = YES;
				SWIFT_EMIT_LOC_STRINGS = YES;
				SWIFT_VERSION = 5.0;
				TARGETED_DEVICE_FAMILY = "1,2";
			};
			name = Debug;
		};
		B03F6D20299F74CE007D663A /* Release */ = {
			isa = XCBuildConfiguration;
			baseConfigurationReference = 6B230E644C15F51C57A62F4D /* Pods-Utilities-Utilities.release.xcconfig */;
			buildSettings = {
				CODE_SIGN_STYLE = Automatic;
				CURRENT_PROJECT_VERSION = 1;
				DEFINES_MODULE = YES;
				DYLIB_COMPATIBILITY_VERSION = 1;
				DYLIB_CURRENT_VERSION = 1;
				DYLIB_INSTALL_NAME_BASE = "@rpath";
				GENERATE_INFOPLIST_FILE = YES;
				INFOPLIST_KEY_NSHumanReadableCopyright = "";
				INSTALL_PATH = "$(LOCAL_LIBRARY_DIR)/Frameworks";
				IPHONEOS_DEPLOYMENT_TARGET = 13.0;
				LD_RUNPATH_SEARCH_PATHS = (
					"$(inherited)",
					"@executable_path/Frameworks",
					"@loader_path/Frameworks",
				);
				MARKETING_VERSION = 1.0;
				PRODUCT_BUNDLE_IDENTIFIER = com.test.Utilities;
				PRODUCT_NAME = "$(TARGET_NAME:c99extidentifier)";
				SKIP_INSTALL = YES;
				SWIFT_EMIT_LOC_STRINGS = YES;
				SWIFT_VERSION = 5.0;
				TARGETED_DEVICE_FAMILY = "1,2";
			};
			name = Release;
		};
		B03F6D22299F74CE007D663A /* Debug */ = {
			isa = XCBuildConfiguration;
			baseConfigurationReference = F6ABCE0B812D8DED08963E58 /* Pods-Utilities-UtilitiesTests.debug.xcconfig */;
			buildSettings = {
				ALWAYS_EMBED_SWIFT_STANDARD_LIBRARIES = YES;
				CODE_SIGN_STYLE = Automatic;
				CURRENT_PROJECT_VERSION = 1;
				GENERATE_INFOPLIST_FILE = YES;
				MARKETING_VERSION = 1.0;
				PRODUCT_BUNDLE_IDENTIFIER = com.test.UtilitiesTests;
				PRODUCT_NAME = "$(TARGET_NAME)";
				SWIFT_EMIT_LOC_STRINGS = NO;
				SWIFT_VERSION = 5.0;
				TARGETED_DEVICE_FAMILY = "1,2";
			};
			name = Debug;
		};
		B03F6D23299F74CE007D663A /* Release */ = {
			isa = XCBuildConfiguration;
			baseConfigurationReference = A97EE53A364A98F85F5EC212 /* Pods-Utilities-UtilitiesTests.release.xcconfig */;
			buildSettings = {
				ALWAYS_EMBED_SWIFT_STANDARD_LIBRARIES = YES;
				CODE_SIGN_STYLE = Automatic;
				CURRENT_PROJECT_VERSION = 1;
				GENERATE_INFOPLIST_FILE = YES;
				MARKETING_VERSION = 1.0;
				PRODUCT_BUNDLE_IDENTIFIER = com.test.UtilitiesTests;
				PRODUCT_NAME = "$(TARGET_NAME)";
				SWIFT_EMIT_LOC_STRINGS = NO;
				SWIFT_VERSION = 5.0;
				TARGETED_DEVICE_FAMILY = "1,2";
			};
			name = Release;
		};
/* End XCBuildConfiguration section */

/* Begin XCConfigurationList section */
		B03F6D06299F74CE007D663A /* Build configuration list for PBXProject "Utilities" */ = {
			isa = XCConfigurationList;
			buildConfigurations = (
				B03F6D1C299F74CE007D663A /* Debug */,
				B03F6D1D299F74CE007D663A /* Release */,
			);
			defaultConfigurationIsVisible = 0;
			defaultConfigurationName = Release;
		};
		B03F6D1E299F74CE007D663A /* Build configuration list for PBXNativeTarget "Utilities" */ = {
			isa = XCConfigurationList;
			buildConfigurations = (
				B03F6D1F299F74CE007D663A /* Debug */,
				B03F6D20299F74CE007D663A /* Release */,
			);
			defaultConfigurationIsVisible = 0;
			defaultConfigurationName = Release;
		};
		B03F6D21299F74CE007D663A /* Build configuration list for PBXNativeTarget "UtilitiesTests" */ = {
			isa = XCConfigurationList;
			buildConfigurations = (
				B03F6D22299F74CE007D663A /* Debug */,
				B03F6D23299F74CE007D663A /* Release */,
			);
			defaultConfigurationIsVisible = 0;
			defaultConfigurationName = Release;
		};
/* End XCConfigurationList section */
	};
	rootObject = B03F6D03299F74CE007D663A /* Project object */;
}
