// !$*UTF8*$!
{
	archiveVersion = 1;
	classes = {
	};
	objectVersion = 56;
	objects = {

/* Begin PBXBuildFile section */
		1303B4150EAFAC4C9A907D65 /* Pods_CleanArcDesign.framework in Frameworks */ = {isa = PBXBuildFile; fileRef = 048EA1B36AEBF7D6F730F787 /* Pods_CleanArcDesign.framework */; };
		B03F6C5E299E04DF007D663A /* AppDelegate.swift in Sources */ = {isa = PBXBuildFile; fileRef = B03F6C5D299E04DF007D663A /* AppDelegate.swift */; };
		B03F6C60299E04DF007D663A /* SceneDelegate.swift in Sources */ = {isa = PBXBuildFile; fileRef = B03F6C5F299E04DF007D663A /* SceneDelegate.swift */; };
		B03F6C67299E04E1007D663A /* Assets.xcassets in Resources */ = {isa = PBXBuildFile; fileRef = B03F6C66299E04E1007D663A /* Assets.xcassets */; };
		B03F6C6A299E04E1007D663A /* LaunchScreen.storyboard in Resources */ = {isa = PBXBuildFile; fileRef = B03F6C68299E04E1007D663A /* LaunchScreen.storyboard */; };
		B03F6C78299E10D3007D663A /* FetchAttractionsUseCase.swift in Sources */ = {isa = PBXBuildFile; fileRef = B03F6C77299E10D3007D663A /* FetchAttractionsUseCase.swift */; };
		B03F6C7A299E1158007D663A /* Attraction.swift in Sources */ = {isa = PBXBuildFile; fileRef = B03F6C79299E1158007D663A /* Attraction.swift */; };
		B03F6C7C299E11F0007D663A /* Coordinate.swift in Sources */ = {isa = PBXBuildFile; fileRef = B03F6C7B299E11F0007D663A /* Coordinate.swift */; };
		B03F6C7E299E1226007D663A /* ImageResource.swift in Sources */ = {isa = PBXBuildFile; fileRef = B03F6C7D299E1226007D663A /* ImageResource.swift */; };
		B03F6C82299E1342007D663A /* AttractionsViewController.swift in Sources */ = {isa = PBXBuildFile; fileRef = B03F6C81299E1342007D663A /* AttractionsViewController.swift */; };
		B03F6C84299E13FB007D663A /* AttractionsViewModelProtocol.swift in Sources */ = {isa = PBXBuildFile; fileRef = B03F6C83299E13FA007D663A /* AttractionsViewModelProtocol.swift */; };
		B03F6C8B299E19B8007D663A /* AttractionsViewModel.swift in Sources */ = {isa = PBXBuildFile; fileRef = B03F6C8A299E19B8007D663A /* AttractionsViewModel.swift */; };
		B03F6C90299E283E007D663A /* Router.swift in Sources */ = {isa = PBXBuildFile; fileRef = B03F6C8F299E283E007D663A /* Router.swift */; };
		B03F6C92299E2E63007D663A /* HomeRouter.swift in Sources */ = {isa = PBXBuildFile; fileRef = B03F6C91299E2E63007D663A /* HomeRouter.swift */; };
		B03F6C94299E3017007D663A /* AppRouter.swift in Sources */ = {isa = PBXBuildFile; fileRef = B03F6C93299E3017007D663A /* AppRouter.swift */; };
		B03F6C96299E30B1007D663A /* AttractionService.swift in Sources */ = {isa = PBXBuildFile; fileRef = B03F6C95299E30B1007D663A /* AttractionService.swift */; };
		B03F6C99299E3147007D663A /* TaipeiTravelAttractionService.swift in Sources */ = {isa = PBXBuildFile; fileRef = B03F6C98299E3147007D663A /* TaipeiTravelAttractionService.swift */; };
		B03F6C9E299E345D007D663A /* TaipeiTravelAPI.swift in Sources */ = {isa = PBXBuildFile; fileRef = B03F6C9D299E345D007D663A /* TaipeiTravelAPI.swift */; };
		B03F6CA0299E61D0007D663A /* TaipeiTravelAPI+Models.swift in Sources */ = {isa = PBXBuildFile; fileRef = B03F6C9F299E61D0007D663A /* TaipeiTravelAPI+Models.swift */; };
		B03F6CA2299E632B007D663A /* TaipeiTravelAPI+Attraction.swift in Sources */ = {isa = PBXBuildFile; fileRef = B03F6CA1299E632B007D663A /* TaipeiTravelAPI+Attraction.swift */; };
		B03F6CA4299E65FD007D663A /* TaipeiTravelAPI+Bridging.swift in Sources */ = {isa = PBXBuildFile; fileRef = B03F6CA3299E65FD007D663A /* TaipeiTravelAPI+Bridging.swift */; };
/* End PBXBuildFile section */

/* Begin PBXFileReference section */
		048EA1B36AEBF7D6F730F787 /* Pods_CleanArcDesign.framework */ = {isa = PBXFileReference; explicitFileType = wrapper.framework; includeInIndex = 0; path = Pods_CleanArcDesign.framework; sourceTree = BUILT_PRODUCTS_DIR; };
		2794C93B5359E59A47627AE4 /* Pods-CleanArcDesign.release.xcconfig */ = {isa = PBXFileReference; includeInIndex = 1; lastKnownFileType = text.xcconfig; name = "Pods-CleanArcDesign.release.xcconfig"; path = "Target Support Files/Pods-CleanArcDesign/Pods-CleanArcDesign.release.xcconfig"; sourceTree = "<group>"; };
		2BA60893EBCA0C7B99C3A510 /* Pods-CleanArcDesign.debug.xcconfig */ = {isa = PBXFileReference; includeInIndex = 1; lastKnownFileType = text.xcconfig; name = "Pods-CleanArcDesign.debug.xcconfig"; path = "Target Support Files/Pods-CleanArcDesign/Pods-CleanArcDesign.debug.xcconfig"; sourceTree = "<group>"; };
		B03F6C5A299E04DF007D663A /* CleanArcDesign.app */ = {isa = PBXFileReference; explicitFileType = wrapper.application; includeInIndex = 0; path = CleanArcDesign.app; sourceTree = BUILT_PRODUCTS_DIR; };
		B03F6C5D299E04DF007D663A /* AppDelegate.swift */ = {isa = PBXFileReference; lastKnownFileType = sourcecode.swift; path = AppDelegate.swift; sourceTree = "<group>"; };
		B03F6C5F299E04DF007D663A /* SceneDelegate.swift */ = {isa = PBXFileReference; lastKnownFileType = sourcecode.swift; path = SceneDelegate.swift; sourceTree = "<group>"; };
		B03F6C66299E04E1007D663A /* Assets.xcassets */ = {isa = PBXFileReference; lastKnownFileType = folder.assetcatalog; path = Assets.xcassets; sourceTree = "<group>"; };
		B03F6C69299E04E1007D663A /* Base */ = {isa = PBXFileReference; lastKnownFileType = file.storyboard; name = Base; path = Base.lproj/LaunchScreen.storyboard; sourceTree = "<group>"; };
		B03F6C6B299E04E1007D663A /* Info.plist */ = {isa = PBXFileReference; lastKnownFileType = text.plist.xml; path = Info.plist; sourceTree = "<group>"; };
		B03F6C77299E10D3007D663A /* FetchAttractionsUseCase.swift */ = {isa = PBXFileReference; lastKnownFileType = sourcecode.swift; path = FetchAttractionsUseCase.swift; sourceTree = "<group>"; };
		B03F6C79299E1158007D663A /* Attraction.swift */ = {isa = PBXFileReference; lastKnownFileType = sourcecode.swift; path = Attraction.swift; sourceTree = "<group>"; };
		B03F6C7B299E11F0007D663A /* Coordinate.swift */ = {isa = PBXFileReference; lastKnownFileType = sourcecode.swift; path = Coordinate.swift; sourceTree = "<group>"; };
		B03F6C7D299E1226007D663A /* ImageResource.swift */ = {isa = PBXFileReference; lastKnownFileType = sourcecode.swift; path = ImageResource.swift; sourceTree = "<group>"; };
		B03F6C81299E1342007D663A /* AttractionsViewController.swift */ = {isa = PBXFileReference; lastKnownFileType = sourcecode.swift; path = AttractionsViewController.swift; sourceTree = "<group>"; };
		B03F6C83299E13FA007D663A /* AttractionsViewModelProtocol.swift */ = {isa = PBXFileReference; lastKnownFileType = sourcecode.swift; path = AttractionsViewModelProtocol.swift; sourceTree = "<group>"; };
		B03F6C8A299E19B8007D663A /* AttractionsViewModel.swift */ = {isa = PBXFileReference; lastKnownFileType = sourcecode.swift; path = AttractionsViewModel.swift; sourceTree = "<group>"; };
		B03F6C8F299E283E007D663A /* Router.swift */ = {isa = PBXFileReference; lastKnownFileType = sourcecode.swift; path = Router.swift; sourceTree = "<group>"; };
		B03F6C91299E2E63007D663A /* HomeRouter.swift */ = {isa = PBXFileReference; lastKnownFileType = sourcecode.swift; path = HomeRouter.swift; sourceTree = "<group>"; };
		B03F6C93299E3017007D663A /* AppRouter.swift */ = {isa = PBXFileReference; lastKnownFileType = sourcecode.swift; path = AppRouter.swift; sourceTree = "<group>"; };
		B03F6C95299E30B1007D663A /* AttractionService.swift */ = {isa = PBXFileReference; lastKnownFileType = sourcecode.swift; path = AttractionService.swift; sourceTree = "<group>"; };
		B03F6C98299E3147007D663A /* TaipeiTravelAttractionService.swift */ = {isa = PBXFileReference; lastKnownFileType = sourcecode.swift; path = TaipeiTravelAttractionService.swift; sourceTree = "<group>"; };
		B03F6C9D299E345D007D663A /* TaipeiTravelAPI.swift */ = {isa = PBXFileReference; lastKnownFileType = sourcecode.swift; path = TaipeiTravelAPI.swift; sourceTree = "<group>"; };
		B03F6C9F299E61D0007D663A /* TaipeiTravelAPI+Models.swift */ = {isa = PBXFileReference; lastKnownFileType = sourcecode.swift; path = "TaipeiTravelAPI+Models.swift"; sourceTree = "<group>"; };
		B03F6CA1299E632B007D663A /* TaipeiTravelAPI+Attraction.swift */ = {isa = PBXFileReference; lastKnownFileType = sourcecode.swift; path = "TaipeiTravelAPI+Attraction.swift"; sourceTree = "<group>"; };
		B03F6CA3299E65FD007D663A /* TaipeiTravelAPI+Bridging.swift */ = {isa = PBXFileReference; lastKnownFileType = sourcecode.swift; path = "TaipeiTravelAPI+Bridging.swift"; sourceTree = "<group>"; };
/* End PBXFileReference section */

/* Begin PBXFrameworksBuildPhase section */
		B03F6C57299E04DF007D663A /* Frameworks */ = {
			isa = PBXFrameworksBuildPhase;
			buildActionMask = 2147483647;
			files = (
				1303B4150EAFAC4C9A907D65 /* Pods_CleanArcDesign.framework in Frameworks */,
			);
			runOnlyForDeploymentPostprocessing = 0;
		};
/* End PBXFrameworksBuildPhase section */

/* Begin PBXGroup section */
		0EE401AB72750188B9CF2589 /* Pods */ = {
			isa = PBXGroup;
			children = (
				2BA60893EBCA0C7B99C3A510 /* Pods-CleanArcDesign.debug.xcconfig */,
				2794C93B5359E59A47627AE4 /* Pods-CleanArcDesign.release.xcconfig */,
			);
			path = Pods;
			sourceTree = "<group>";
		};
		5C632566BC526E44AB7FED49 /* Frameworks */ = {
			isa = PBXGroup;
			children = (
				048EA1B36AEBF7D6F730F787 /* Pods_CleanArcDesign.framework */,
			);
			name = Frameworks;
			sourceTree = "<group>";
		};
		B03F6C51299E04DF007D663A = {
			isa = PBXGroup;
			children = (
				B03F6C5C299E04DF007D663A /* CleanArcDesign */,
				B03F6C5B299E04DF007D663A /* Products */,
				0EE401AB72750188B9CF2589 /* Pods */,
				5C632566BC526E44AB7FED49 /* Frameworks */,
			);
			sourceTree = "<group>";
		};
		B03F6C5B299E04DF007D663A /* Products */ = {
			isa = PBXGroup;
			children = (
				B03F6C5A299E04DF007D663A /* CleanArcDesign.app */,
			);
			name = Products;
			sourceTree = "<group>";
		};
		B03F6C5C299E04DF007D663A /* CleanArcDesign */ = {
			isa = PBXGroup;
			children = (
				B03F6C7F299E1314007D663A /* Core */,
				B03F6C72299E066E007D663A /* Domain */,
				B03F6C73299E0676007D663A /* Services */,
				B03F6C8C299E2731007D663A /* Routers */,
				B03F6C74299E0684007D663A /* Scenes */,
				B03F6C71299E05F3007D663A /* Main */,
				B03F6C66299E04E1007D663A /* Assets.xcassets */,
				B03F6C6B299E04E1007D663A /* Info.plist */,
			);
			path = CleanArcDesign;
			sourceTree = "<group>";
		};
		B03F6C71299E05F3007D663A /* Main */ = {
			isa = PBXGroup;
			children = (
				B03F6C5D299E04DF007D663A /* AppDelegate.swift */,
				B03F6C5F299E04DF007D663A /* SceneDelegate.swift */,
				B03F6C68299E04E1007D663A /* LaunchScreen.storyboard */,
			);
			path = Main;
			sourceTree = "<group>";
		};
		B03F6C72299E066E007D663A /* Domain */ = {
			isa = PBXGroup;
			children = (
				B03F6C75299E0D93007D663A /* Models */,
				B03F6C76299E0DA6007D663A /* UseCases */,
			);
			path = Domain;
			sourceTree = "<group>";
		};
		B03F6C73299E0676007D663A /* Services */ = {
			isa = PBXGroup;
			children = (
				B03F6C9C299E3447007D663A /* Platforms */,
				B03F6C97299E3118007D663A /* AttractionService */,
			);
			path = Services;
			sourceTree = "<group>";
		};
		B03F6C74299E0684007D663A /* Scenes */ = {
			isa = PBXGroup;
			children = (
				B03F6C80299E1337007D663A /* Attractions */,
			);
			path = Scenes;
			sourceTree = "<group>";
		};
		B03F6C75299E0D93007D663A /* Models */ = {
			isa = PBXGroup;
			children = (
				B03F6C7B299E11F0007D663A /* Coordinate.swift */,
				B03F6C7D299E1226007D663A /* ImageResource.swift */,
				B03F6C79299E1158007D663A /* Attraction.swift */,
			);
			path = Models;
			sourceTree = "<group>";
		};
		B03F6C76299E0DA6007D663A /* UseCases */ = {
			isa = PBXGroup;
			children = (
				B03F6C77299E10D3007D663A /* FetchAttractionsUseCase.swift */,
			);
			path = UseCases;
			sourceTree = "<group>";
		};
		B03F6C7F299E1314007D663A /* Core */ = {
			isa = PBXGroup;
			children = (
			);
			path = Core;
			sourceTree = "<group>";
		};
		B03F6C80299E1337007D663A /* Attractions */ = {
			isa = PBXGroup;
			children = (
				B03F6C81299E1342007D663A /* AttractionsViewController.swift */,
				B03F6C83299E13FA007D663A /* AttractionsViewModelProtocol.swift */,
				B03F6C8A299E19B8007D663A /* AttractionsViewModel.swift */,
			);
			path = Attractions;
			sourceTree = "<group>";
		};
		B03F6C8C299E2731007D663A /* Routers */ = {
			isa = PBXGroup;
			children = (
				B03F6C8F299E283E007D663A /* Router.swift */,
				B03F6C93299E3017007D663A /* AppRouter.swift */,
				B03F6C91299E2E63007D663A /* HomeRouter.swift */,
			);
			path = Routers;
			sourceTree = "<group>";
		};
		B03F6C97299E3118007D663A /* AttractionService */ = {
			isa = PBXGroup;
			children = (
				B03F6C95299E30B1007D663A /* AttractionService.swift */,
				B03F6C9A299E315A007D663A /* TaipeiTravelAttractionService */,
			);
			path = AttractionService;
			sourceTree = "<group>";
		};
		B03F6C9A299E315A007D663A /* TaipeiTravelAttractionService */ = {
			isa = PBXGroup;
			children = (
				B03F6C98299E3147007D663A /* TaipeiTravelAttractionService.swift */,
			);
			path = TaipeiTravelAttractionService;
			sourceTree = "<group>";
		};
		B03F6C9B299E3434007D663A /* TaipeiTravelAPI */ = {
			isa = PBXGroup;
			children = (
				B03F6C9D299E345D007D663A /* TaipeiTravelAPI.swift */,
				B03F6CA1299E632B007D663A /* TaipeiTravelAPI+Attraction.swift */,
				B03F6C9F299E61D0007D663A /* TaipeiTravelAPI+Models.swift */,
				B03F6CA3299E65FD007D663A /* TaipeiTravelAPI+Bridging.swift */,
			);
			path = TaipeiTravelAPI;
			sourceTree = "<group>";
		};
		B03F6C9C299E3447007D663A /* Platforms */ = {
			isa = PBXGroup;
			children = (
				B03F6C9B299E3434007D663A /* TaipeiTravelAPI */,
			);
			path = Platforms;
			sourceTree = "<group>";
		};
/* End PBXGroup section */

/* Begin PBXNativeTarget section */
		B03F6C59299E04DF007D663A /* CleanArcDesign */ = {
			isa = PBXNativeTarget;
			buildConfigurationList = B03F6C6E299E04E1007D663A /* Build configuration list for PBXNativeTarget "CleanArcDesign" */;
			buildPhases = (
				931539090DC4332FFD80D011 /* [CP] Check Pods Manifest.lock */,
				B03F6C56299E04DF007D663A /* Sources */,
				B03F6C57299E04DF007D663A /* Frameworks */,
				B03F6C58299E04DF007D663A /* Resources */,
				606AF63A88293D3FCD5CBA39 /* [CP] Embed Pods Frameworks */,
			);
			buildRules = (
			);
			dependencies = (
			);
			name = CleanArcDesign;
			productName = CleanArcDesign;
			productReference = B03F6C5A299E04DF007D663A /* CleanArcDesign.app */;
			productType = "com.apple.product-type.application";
		};
/* End PBXNativeTarget section */

/* Begin PBXProject section */
		B03F6C52299E04DF007D663A /* Project object */ = {
			isa = PBXProject;
			attributes = {
				BuildIndependentTargetsInParallel = 1;
				LastSwiftUpdateCheck = 1410;
				LastUpgradeCheck = 1410;
				TargetAttributes = {
					B03F6C59299E04DF007D663A = {
						CreatedOnToolsVersion = 14.1;
					};
				};
			};
			buildConfigurationList = B03F6C55299E04DF007D663A /* Build configuration list for PBXProject "CleanArcDesign" */;
			compatibilityVersion = "Xcode 14.0";
			developmentRegion = en;
			hasScannedForEncodings = 0;
			knownRegions = (
				en,
				Base,
			);
			mainGroup = B03F6C51299E04DF007D663A;
			productRefGroup = B03F6C5B299E04DF007D663A /* Products */;
			projectDirPath = "";
			projectRoot = "";
			targets = (
				B03F6C59299E04DF007D663A /* CleanArcDesign */,
			);
		};
/* End PBXProject section */

/* Begin PBXResourcesBuildPhase section */
		B03F6C58299E04DF007D663A /* Resources */ = {
			isa = PBXResourcesBuildPhase;
			buildActionMask = 2147483647;
			files = (
				B03F6C6A299E04E1007D663A /* LaunchScreen.storyboard in Resources */,
				B03F6C67299E04E1007D663A /* Assets.xcassets in Resources */,
			);
			runOnlyForDeploymentPostprocessing = 0;
		};
/* End PBXResourcesBuildPhase section */

/* Begin PBXShellScriptBuildPhase section */
		606AF63A88293D3FCD5CBA39 /* [CP] Embed Pods Frameworks */ = {
			isa = PBXShellScriptBuildPhase;
			buildActionMask = 2147483647;
			files = (
			);
			inputFileListPaths = (
				"${PODS_ROOT}/Target Support Files/Pods-CleanArcDesign/Pods-CleanArcDesign-frameworks-${CONFIGURATION}-input-files.xcfilelist",
			);
			name = "[CP] Embed Pods Frameworks";
			outputFileListPaths = (
				"${PODS_ROOT}/Target Support Files/Pods-CleanArcDesign/Pods-CleanArcDesign-frameworks-${CONFIGURATION}-output-files.xcfilelist",
			);
			runOnlyForDeploymentPostprocessing = 0;
			shellPath = /bin/sh;
			shellScript = "\"${PODS_ROOT}/Target Support Files/Pods-CleanArcDesign/Pods-CleanArcDesign-frameworks.sh\"\n";
			showEnvVarsInLog = 0;
		};
		931539090DC4332FFD80D011 /* [CP] Check Pods Manifest.lock */ = {
			isa = PBXShellScriptBuildPhase;
			buildActionMask = 2147483647;
			files = (
			);
			inputFileListPaths = (
			);
			inputPaths = (
				"${PODS_PODFILE_DIR_PATH}/Podfile.lock",
				"${PODS_ROOT}/Manifest.lock",
			);
			name = "[CP] Check Pods Manifest.lock";
			outputFileListPaths = (
			);
			outputPaths = (
				"$(DERIVED_FILE_DIR)/Pods-CleanArcDesign-checkManifestLockResult.txt",
			);
			runOnlyForDeploymentPostprocessing = 0;
			shellPath = /bin/sh;
			shellScript = "diff \"${PODS_PODFILE_DIR_PATH}/Podfile.lock\" \"${PODS_ROOT}/Manifest.lock\" > /dev/null\nif [ $? != 0 ] ; then\n    # print error to STDERR\n    echo \"error: The sandbox is not in sync with the Podfile.lock. Run 'pod install' or update your CocoaPods installation.\" >&2\n    exit 1\nfi\n# This output is used by Xcode 'outputs' to avoid re-running this script phase.\necho \"SUCCESS\" > \"${SCRIPT_OUTPUT_FILE_0}\"\n";
			showEnvVarsInLog = 0;
		};
/* End PBXShellScriptBuildPhase section */

/* Begin PBXSourcesBuildPhase section */
		B03F6C56299E04DF007D663A /* Sources */ = {
			isa = PBXSourcesBuildPhase;
			buildActionMask = 2147483647;
			files = (
				B03F6C7A299E1158007D663A /* Attraction.swift in Sources */,
				B03F6C9E299E345D007D663A /* TaipeiTravelAPI.swift in Sources */,
				B03F6C7E299E1226007D663A /* ImageResource.swift in Sources */,
				B03F6C96299E30B1007D663A /* AttractionService.swift in Sources */,
				B03F6CA2299E632B007D663A /* TaipeiTravelAPI+Attraction.swift in Sources */,
				B03F6C78299E10D3007D663A /* FetchAttractionsUseCase.swift in Sources */,
				B03F6C5E299E04DF007D663A /* AppDelegate.swift in Sources */,
				B03F6C60299E04DF007D663A /* SceneDelegate.swift in Sources */,
				B03F6C99299E3147007D663A /* TaipeiTravelAttractionService.swift in Sources */,
				B03F6C84299E13FB007D663A /* AttractionsViewModelProtocol.swift in Sources */,
				B03F6C7C299E11F0007D663A /* Coordinate.swift in Sources */,
				B03F6CA0299E61D0007D663A /* TaipeiTravelAPI+Models.swift in Sources */,
				B03F6CA4299E65FD007D663A /* TaipeiTravelAPI+Bridging.swift in Sources */,
				B03F6C82299E1342007D663A /* AttractionsViewController.swift in Sources */,
				B03F6C94299E3017007D663A /* AppRouter.swift in Sources */,
				B03F6C8B299E19B8007D663A /* AttractionsViewModel.swift in Sources */,
				B03F6C90299E283E007D663A /* Router.swift in Sources */,
				B03F6C92299E2E63007D663A /* HomeRouter.swift in Sources */,
			);
			runOnlyForDeploymentPostprocessing = 0;
		};
/* End PBXSourcesBuildPhase section */

/* Begin PBXVariantGroup section */
		B03F6C68299E04E1007D663A /* LaunchScreen.storyboard */ = {
			isa = PBXVariantGroup;
			children = (
				B03F6C69299E04E1007D663A /* Base */,
			);
			name = LaunchScreen.storyboard;
			sourceTree = "<group>";
		};
/* End PBXVariantGroup section */

/* Begin XCBuildConfiguration section */
		B03F6C6C299E04E1007D663A /* Debug */ = {
			isa = XCBuildConfiguration;
			buildSettings = {
				ALWAYS_SEARCH_USER_PATHS = NO;
				CLANG_ANALYZER_NONNULL = YES;
				CLANG_ANALYZER_NUMBER_OBJECT_CONVERSION = YES_AGGRESSIVE;
				CLANG_CXX_LANGUAGE_STANDARD = "gnu++20";
				CLANG_ENABLE_MODULES = YES;
				CLANG_ENABLE_OBJC_ARC = YES;
				CLANG_ENABLE_OBJC_WEAK = YES;
				CLANG_WARN_BLOCK_CAPTURE_AUTORELEASING = YES;
				CLANG_WARN_BOOL_CONVERSION = YES;
				CLANG_WARN_COMMA = YES;
				CLANG_WARN_CONSTANT_CONVERSION = YES;
				CLANG_WARN_DEPRECATED_OBJC_IMPLEMENTATIONS = YES;
				CLANG_WARN_DIRECT_OBJC_ISA_USAGE = YES_ERROR;
				CLANG_WARN_DOCUMENTATION_COMMENTS = YES;
				CLANG_WARN_EMPTY_BODY = YES;
				CLANG_WARN_ENUM_CONVERSION = YES;
				CLANG_WARN_INFINITE_RECURSION = YES;
				CLANG_WARN_INT_CONVERSION = YES;
				CLANG_WARN_NON_LITERAL_NULL_CONVERSION = YES;
				CLANG_WARN_OBJC_IMPLICIT_RETAIN_SELF = YES;
				CLANG_WARN_OBJC_LITERAL_CONVERSION = YES;
				CLANG_WARN_OBJC_ROOT_CLASS = YES_ERROR;
				CLANG_WARN_QUOTED_INCLUDE_IN_FRAMEWORK_HEADER = YES;
				CLANG_WARN_RANGE_LOOP_ANALYSIS = YES;
				CLANG_WARN_STRICT_PROTOTYPES = YES;
				CLANG_WARN_SUSPICIOUS_MOVE = YES;
				CLANG_WARN_UNGUARDED_AVAILABILITY = YES_AGGRESSIVE;
				CLANG_WARN_UNREACHABLE_CODE = YES;
				CLANG_WARN__DUPLICATE_METHOD_MATCH = YES;
				COPY_PHASE_STRIP = NO;
				DEBUG_INFORMATION_FORMAT = dwarf;
				ENABLE_STRICT_OBJC_MSGSEND = YES;
				ENABLE_TESTABILITY = YES;
				GCC_C_LANGUAGE_STANDARD = gnu11;
				GCC_DYNAMIC_NO_PIC = NO;
				GCC_NO_COMMON_BLOCKS = YES;
				GCC_OPTIMIZATION_LEVEL = 0;
				GCC_PREPROCESSOR_DEFINITIONS = (
					"DEBUG=1",
					"$(inherited)",
				);
				GCC_WARN_64_TO_32_BIT_CONVERSION = YES;
				GCC_WARN_ABOUT_RETURN_TYPE = YES_ERROR;
				GCC_WARN_UNDECLARED_SELECTOR = YES;
				GCC_WARN_UNINITIALIZED_AUTOS = YES_AGGRESSIVE;
				GCC_WARN_UNUSED_FUNCTION = YES;
				GCC_WARN_UNUSED_VARIABLE = YES;
				IPHONEOS_DEPLOYMENT_TARGET = 16.1;
				MTL_ENABLE_DEBUG_INFO = INCLUDE_SOURCE;
				MTL_FAST_MATH = YES;
				ONLY_ACTIVE_ARCH = YES;
				SDKROOT = iphoneos;
				SWIFT_ACTIVE_COMPILATION_CONDITIONS = DEBUG;
				SWIFT_OPTIMIZATION_LEVEL = "-Onone";
			};
			name = Debug;
		};
		B03F6C6D299E04E1007D663A /* Release */ = {
			isa = XCBuildConfiguration;
			buildSettings = {
				ALWAYS_SEARCH_USER_PATHS = NO;
				CLANG_ANALYZER_NONNULL = YES;
				CLANG_ANALYZER_NUMBER_OBJECT_CONVERSION = YES_AGGRESSIVE;
				CLANG_CXX_LANGUAGE_STANDARD = "gnu++20";
				CLANG_ENABLE_MODULES = YES;
				CLANG_ENABLE_OBJC_ARC = YES;
				CLANG_ENABLE_OBJC_WEAK = YES;
				CLANG_WARN_BLOCK_CAPTURE_AUTORELEASING = YES;
				CLANG_WARN_BOOL_CONVERSION = YES;
				CLANG_WARN_COMMA = YES;
				CLANG_WARN_CONSTANT_CONVERSION = YES;
				CLANG_WARN_DEPRECATED_OBJC_IMPLEMENTATIONS = YES;
				CLANG_WARN_DIRECT_OBJC_ISA_USAGE = YES_ERROR;
				CLANG_WARN_DOCUMENTATION_COMMENTS = YES;
				CLANG_WARN_EMPTY_BODY = YES;
				CLANG_WARN_ENUM_CONVERSION = YES;
				CLANG_WARN_INFINITE_RECURSION = YES;
				CLANG_WARN_INT_CONVERSION = YES;
				CLANG_WARN_NON_LITERAL_NULL_CONVERSION = YES;
				CLANG_WARN_OBJC_IMPLICIT_RETAIN_SELF = YES;
				CLANG_WARN_OBJC_LITERAL_CONVERSION = YES;
				CLANG_WARN_OBJC_ROOT_CLASS = YES_ERROR;
				CLANG_WARN_QUOTED_INCLUDE_IN_FRAMEWORK_HEADER = YES;
				CLANG_WARN_RANGE_LOOP_ANALYSIS = YES;
				CLANG_WARN_STRICT_PROTOTYPES = YES;
				CLANG_WARN_SUSPICIOUS_MOVE = YES;
				CLANG_WARN_UNGUARDED_AVAILABILITY = YES_AGGRESSIVE;
				CLANG_WARN_UNREACHABLE_CODE = YES;
				CLANG_WARN__DUPLICATE_METHOD_MATCH = YES;
				COPY_PHASE_STRIP = NO;
				DEBUG_INFORMATION_FORMAT = "dwarf-with-dsym";
				ENABLE_NS_ASSERTIONS = NO;
				ENABLE_STRICT_OBJC_MSGSEND = YES;
				GCC_C_LANGUAGE_STANDARD = gnu11;
				GCC_NO_COMMON_BLOCKS = YES;
				GCC_WARN_64_TO_32_BIT_CONVERSION = YES;
				GCC_WARN_ABOUT_RETURN_TYPE = YES_ERROR;
				GCC_WARN_UNDECLARED_SELECTOR = YES;
				GCC_WARN_UNINITIALIZED_AUTOS = YES_AGGRESSIVE;
				GCC_WARN_UNUSED_FUNCTION = YES;
				GCC_WARN_UNUSED_VARIABLE = YES;
				IPHONEOS_DEPLOYMENT_TARGET = 16.1;
				MTL_ENABLE_DEBUG_INFO = NO;
				MTL_FAST_MATH = YES;
				SDKROOT = iphoneos;
				SWIFT_COMPILATION_MODE = wholemodule;
				SWIFT_OPTIMIZATION_LEVEL = "-O";
				VALIDATE_PRODUCT = YES;
			};
			name = Release;
		};
		B03F6C6F299E04E1007D663A /* Debug */ = {
			isa = XCBuildConfiguration;
			baseConfigurationReference = 2BA60893EBCA0C7B99C3A510 /* Pods-CleanArcDesign.debug.xcconfig */;
			buildSettings = {
				ASSETCATALOG_COMPILER_APPICON_NAME = AppIcon;
				ASSETCATALOG_COMPILER_GLOBAL_ACCENT_COLOR_NAME = AccentColor;
				CODE_SIGN_STYLE = Automatic;
				CURRENT_PROJECT_VERSION = 1;
				GENERATE_INFOPLIST_FILE = YES;
				INFOPLIST_FILE = CleanArcDesign/Info.plist;
				INFOPLIST_KEY_UIApplicationSupportsIndirectInputEvents = YES;
				INFOPLIST_KEY_UILaunchStoryboardName = LaunchScreen;
				INFOPLIST_KEY_UISupportedInterfaceOrientations = UIInterfaceOrientationPortrait;
				INFOPLIST_KEY_UISupportedInterfaceOrientations_iPad = "UIInterfaceOrientationLandscapeLeft UIInterfaceOrientationLandscapeRight UIInterfaceOrientationPortrait UIInterfaceOrientationPortraitUpsideDown";
				LD_RUNPATH_SEARCH_PATHS = (
					"$(inherited)",
					"@executable_path/Frameworks",
				);
				MARKETING_VERSION = 1.0;
				PRODUCT_BUNDLE_IDENTIFIER = com.test.CleanArcDesign;
				PRODUCT_NAME = "$(TARGET_NAME)";
				SUPPORTED_PLATFORMS = "iphoneos iphonesimulator";
				SUPPORTS_MACCATALYST = NO;
				SUPPORTS_MAC_DESIGNED_FOR_IPHONE_IPAD = NO;
				SWIFT_EMIT_LOC_STRINGS = YES;
				SWIFT_VERSION = 5.0;
				TARGETED_DEVICE_FAMILY = "1,2";
			};
			name = Debug;
		};
		B03F6C70299E04E1007D663A /* Release */ = {
			isa = XCBuildConfiguration;
			baseConfigurationReference = 2794C93B5359E59A47627AE4 /* Pods-CleanArcDesign.release.xcconfig */;
			buildSettings = {
				ASSETCATALOG_COMPILER_APPICON_NAME = AppIcon;
				ASSETCATALOG_COMPILER_GLOBAL_ACCENT_COLOR_NAME = AccentColor;
				CODE_SIGN_STYLE = Automatic;
				CURRENT_PROJECT_VERSION = 1;
				GENERATE_INFOPLIST_FILE = YES;
				INFOPLIST_FILE = CleanArcDesign/Info.plist;
				INFOPLIST_KEY_UIApplicationSupportsIndirectInputEvents = YES;
				INFOPLIST_KEY_UILaunchStoryboardName = LaunchScreen;
				INFOPLIST_KEY_UISupportedInterfaceOrientations = UIInterfaceOrientationPortrait;
				INFOPLIST_KEY_UISupportedInterfaceOrientations_iPad = "UIInterfaceOrientationLandscapeLeft UIInterfaceOrientationLandscapeRight UIInterfaceOrientationPortrait UIInterfaceOrientationPortraitUpsideDown";
				LD_RUNPATH_SEARCH_PATHS = (
					"$(inherited)",
					"@executable_path/Frameworks",
				);
				MARKETING_VERSION = 1.0;
				PRODUCT_BUNDLE_IDENTIFIER = com.test.CleanArcDesign;
				PRODUCT_NAME = "$(TARGET_NAME)";
				SUPPORTED_PLATFORMS = "iphoneos iphonesimulator";
				SUPPORTS_MACCATALYST = NO;
				SUPPORTS_MAC_DESIGNED_FOR_IPHONE_IPAD = NO;
				SWIFT_EMIT_LOC_STRINGS = YES;
				SWIFT_VERSION = 5.0;
				TARGETED_DEVICE_FAMILY = "1,2";
			};
			name = Release;
		};
/* End XCBuildConfiguration section */

/* Begin XCConfigurationList section */
		B03F6C55299E04DF007D663A /* Build configuration list for PBXProject "CleanArcDesign" */ = {
			isa = XCConfigurationList;
			buildConfigurations = (
				B03F6C6C299E04E1007D663A /* Debug */,
				B03F6C6D299E04E1007D663A /* Release */,
			);
			defaultConfigurationIsVisible = 0;
			defaultConfigurationName = Release;
		};
		B03F6C6E299E04E1007D663A /* Build configuration list for PBXNativeTarget "CleanArcDesign" */ = {
			isa = XCConfigurationList;
			buildConfigurations = (
				B03F6C6F299E04E1007D663A /* Debug */,
				B03F6C70299E04E1007D663A /* Release */,
			);
			defaultConfigurationIsVisible = 0;
			defaultConfigurationName = Release;
		};
/* End XCConfigurationList section */
	};
	rootObject = B03F6C52299E04DF007D663A /* Project object */;
}
