// !$*UTF8*$!
{
	archiveVersion = 1;
	classes = {
	};
	objectVersion = 56;
	objects = {

/* Begin PBXBuildFile section */
		B0C0C6702A3BF87400EAD00D /* Utilities.framework in Frameworks */ = {isa = PBXBuildFile; fileRef = B0C0C6672A3BF87400EAD00D /* Utilities.framework */; };
		B0C0C6762A3BF87400EAD00D /* Utilities.h in Headers */ = {isa = PBXBuildFile; fileRef = B0C0C66A2A3BF87400EAD00D /* Utilities.h */; settings = {ATTRIBUTES = (Public, ); }; };
		B0C0C68C2A3BF8D200EAD00D /* UIViewController+Embed.swift in Sources */ = {isa = PBXBuildFile; fileRef = B0C0C6882A3BF8D200EAD00D /* UIViewController+Embed.swift */; };
		B0C0C68D2A3BF8D200EAD00D /* Stored.swift in Sources */ = {isa = PBXBuildFile; fileRef = B0C0C6892A3BF8D200EAD00D /* Stored.swift */; };
		B0C0C68E2A3BF8D200EAD00D /* Router.swift in Sources */ = {isa = PBXBuildFile; fileRef = B0C0C68A2A3BF8D200EAD00D /* Router.swift */; };
		B0C0C68F2A3BF8D200EAD00D /* MvvmViewController.swift in Sources */ = {isa = PBXBuildFile; fileRef = B0C0C68B2A3BF8D200EAD00D /* MvvmViewController.swift */; };
		B0C0C6932A3BF8DE00EAD00D /* UIViewController+Embed+Tests.swift in Sources */ = {isa = PBXBuildFile; fileRef = B0C0C6912A3BF8DE00EAD00D /* UIViewController+Embed+Tests.swift */; };
		B0C0C6942A3BF8DE00EAD00D /* Stored+Tests.swift in Sources */ = {isa = PBXBuildFile; fileRef = B0C0C6922A3BF8DE00EAD00D /* Stored+Tests.swift */; };
		B0C0C6972A3BF96700EAD00D /* RxCocoa in Frameworks */ = {isa = PBXBuildFile; productRef = B0C0C6962A3BF96700EAD00D /* RxCocoa */; };
		B0C0C6992A3BF96700EAD00D /* RxSwift in Frameworks */ = {isa = PBXBuildFile; productRef = B0C0C6982A3BF96700EAD00D /* RxSwift */; };
		B0C0C7902A3C08BD00EAD00D /* UIViewController+Rx.swift in Sources */ = {isa = PBXBuildFile; fileRef = B0C0C78F2A3C08BD00EAD00D /* UIViewController+Rx.swift */; };
/* End PBXBuildFile section */

/* Begin PBXContainerItemProxy section */
		B0C0C6712A3BF87400EAD00D /* PBXContainerItemProxy */ = {
			isa = PBXContainerItemProxy;
			containerPortal = B0C0C65E2A3BF87400EAD00D /* Project object */;
			proxyType = 1;
			remoteGlobalIDString = B0C0C6662A3BF87400EAD00D;
			remoteInfo = Utilities;
		};
/* End PBXContainerItemProxy section */

/* Begin PBXFileReference section */
		B0C0C6672A3BF87400EAD00D /* Utilities.framework */ = {isa = PBXFileReference; explicitFileType = wrapper.framework; includeInIndex = 0; path = Utilities.framework; sourceTree = BUILT_PRODUCTS_DIR; };
		B0C0C66A2A3BF87400EAD00D /* Utilities.h */ = {isa = PBXFileReference; lastKnownFileType = sourcecode.c.h; path = Utilities.h; sourceTree = "<group>"; };
		B0C0C66F2A3BF87400EAD00D /* UtilitiesTests.xctest */ = {isa = PBXFileReference; explicitFileType = wrapper.cfbundle; includeInIndex = 0; path = UtilitiesTests.xctest; sourceTree = BUILT_PRODUCTS_DIR; };
		B0C0C6882A3BF8D200EAD00D /* UIViewController+Embed.swift */ = {isa = PBXFileReference; fileEncoding = 4; lastKnownFileType = sourcecode.swift; path = "UIViewController+Embed.swift"; sourceTree = "<group>"; };
		B0C0C6892A3BF8D200EAD00D /* Stored.swift */ = {isa = PBXFileReference; fileEncoding = 4; lastKnownFileType = sourcecode.swift; path = Stored.swift; sourceTree = "<group>"; };
		B0C0C68A2A3BF8D200EAD00D /* Router.swift */ = {isa = PBXFileReference; fileEncoding = 4; lastKnownFileType = sourcecode.swift; path = Router.swift; sourceTree = "<group>"; };
		B0C0C68B2A3BF8D200EAD00D /* MvvmViewController.swift */ = {isa = PBXFileReference; fileEncoding = 4; lastKnownFileType = sourcecode.swift; path = MvvmViewController.swift; sourceTree = "<group>"; };
		B0C0C6912A3BF8DE00EAD00D /* UIViewController+Embed+Tests.swift */ = {isa = PBXFileReference; fileEncoding = 4; lastKnownFileType = sourcecode.swift; path = "UIViewController+Embed+Tests.swift"; sourceTree = "<group>"; };
		B0C0C6922A3BF8DE00EAD00D /* Stored+Tests.swift */ = {isa = PBXFileReference; fileEncoding = 4; lastKnownFileType = sourcecode.swift; path = "Stored+Tests.swift"; sourceTree = "<group>"; };
		B0C0C78F2A3C08BD00EAD00D /* UIViewController+Rx.swift */ = {isa = PBXFileReference; lastKnownFileType = sourcecode.swift; path = "UIViewController+Rx.swift"; sourceTree = "<group>"; };
/* End PBXFileReference section */

/* Begin PBXFrameworksBuildPhase section */
		B0C0C6642A3BF87400EAD00D /* Frameworks */ = {
			isa = PBXFrameworksBuildPhase;
			buildActionMask = 2147483647;
			files = (
				B0C0C6992A3BF96700EAD00D /* RxSwift in Frameworks */,
				B0C0C6972A3BF96700EAD00D /* RxCocoa in Frameworks */,
			);
			runOnlyForDeploymentPostprocessing = 0;
		};
		B0C0C66C2A3BF87400EAD00D /* Frameworks */ = {
			isa = PBXFrameworksBuildPhase;
			buildActionMask = 2147483647;
			files = (
				B0C0C6702A3BF87400EAD00D /* Utilities.framework in Frameworks */,
			);
			runOnlyForDeploymentPostprocessing = 0;
		};
/* End PBXFrameworksBuildPhase section */

/* Begin PBXGroup section */
		B0C0C65D2A3BF87400EAD00D = {
			isa = PBXGroup;
			children = (
				B0C0C66A2A3BF87400EAD00D /* Utilities.h */,
				B0C0C6892A3BF8D200EAD00D /* Stored.swift */,
				B0C0C6882A3BF8D200EAD00D /* UIViewController+Embed.swift */,
				B0C0C78F2A3C08BD00EAD00D /* UIViewController+Rx.swift */,
				B0C0C68B2A3BF8D200EAD00D /* MvvmViewController.swift */,
				B0C0C68A2A3BF8D200EAD00D /* Router.swift */,
				B0C0C6902A3BF8DE00EAD00D /* UnitTests */,
				B0C0C6682A3BF87400EAD00D /* Products */,
			);
			sourceTree = "<group>";
		};
		B0C0C6682A3BF87400EAD00D /* Products */ = {
			isa = PBXGroup;
			children = (
				B0C0C6672A3BF87400EAD00D /* Utilities.framework */,
				B0C0C66F2A3BF87400EAD00D /* UtilitiesTests.xctest */,
			);
			name = Products;
			sourceTree = "<group>";
		};
		B0C0C6902A3BF8DE00EAD00D /* UnitTests */ = {
			isa = PBXGroup;
			children = (
				B0C0C6912A3BF8DE00EAD00D /* UIViewController+Embed+Tests.swift */,
				B0C0C6922A3BF8DE00EAD00D /* Stored+Tests.swift */,
			);
			path = UnitTests;
			sourceTree = "<group>";
		};
/* End PBXGroup section */

/* Begin PBXHeadersBuildPhase section */
		B0C0C6622A3BF87400EAD00D /* Headers */ = {
			isa = PBXHeadersBuildPhase;
			buildActionMask = 2147483647;
			files = (
				B0C0C6762A3BF87400EAD00D /* Utilities.h in Headers */,
			);
			runOnlyForDeploymentPostprocessing = 0;
		};
/* End PBXHeadersBuildPhase section */

/* Begin PBXNativeTarget section */
		B0C0C6662A3BF87400EAD00D /* Utilities */ = {
			isa = PBXNativeTarget;
			buildConfigurationList = B0C0C6792A3BF87400EAD00D /* Build configuration list for PBXNativeTarget "Utilities" */;
			buildPhases = (
				B0C0C6622A3BF87400EAD00D /* Headers */,
				B0C0C6632A3BF87400EAD00D /* Sources */,
				B0C0C6642A3BF87400EAD00D /* Frameworks */,
				B0C0C6652A3BF87400EAD00D /* Resources */,
			);
			buildRules = (
			);
			dependencies = (
			);
			name = Utilities;
			packageProductDependencies = (
				B0C0C6962A3BF96700EAD00D /* RxCocoa */,
				B0C0C6982A3BF96700EAD00D /* RxSwift */,
			);
			productName = Utilities;
			productReference = B0C0C6672A3BF87400EAD00D /* Utilities.framework */;
			productType = "com.apple.product-type.framework";
		};
		B0C0C66E2A3BF87400EAD00D /* UtilitiesTests */ = {
			isa = PBXNativeTarget;
			buildConfigurationList = B0C0C67C2A3BF87400EAD00D /* Build configuration list for PBXNativeTarget "UtilitiesTests" */;
			buildPhases = (
				B0C0C66B2A3BF87400EAD00D /* Sources */,
				B0C0C66C2A3BF87400EAD00D /* Frameworks */,
				B0C0C66D2A3BF87400EAD00D /* Resources */,
			);
			buildRules = (
			);
			dependencies = (
				B0C0C6722A3BF87400EAD00D /* PBXTargetDependency */,
			);
			name = UtilitiesTests;
			productName = UtilitiesTests;
			productReference = B0C0C66F2A3BF87400EAD00D /* UtilitiesTests.xctest */;
			productType = "com.apple.product-type.bundle.unit-test";
		};
/* End PBXNativeTarget section */

/* Begin PBXProject section */
		B0C0C65E2A3BF87400EAD00D /* Project object */ = {
			isa = PBXProject;
			attributes = {
				BuildIndependentTargetsInParallel = 1;
				LastSwiftUpdateCheck = 1410;
				LastUpgradeCheck = 1410;
				TargetAttributes = {
					B0C0C6662A3BF87400EAD00D = {
						CreatedOnToolsVersion = 14.1;
						LastSwiftMigration = 1410;
					};
					B0C0C66E2A3BF87400EAD00D = {
						CreatedOnToolsVersion = 14.1;
					};
				};
			};
			buildConfigurationList = B0C0C6612A3BF87400EAD00D /* Build configuration list for PBXProject "Utilities" */;
			compatibilityVersion = "Xcode 14.0";
			developmentRegion = en;
			hasScannedForEncodings = 0;
			knownRegions = (
				en,
				Base,
			);
			mainGroup = B0C0C65D2A3BF87400EAD00D;
			packageReferences = (
				B0C0C6952A3BF96700EAD00D /* XCRemoteSwiftPackageReference "RxSwift" */,
			);
			productRefGroup = B0C0C6682A3BF87400EAD00D /* Products */;
			projectDirPath = "";
			projectRoot = "";
			targets = (
				B0C0C6662A3BF87400EAD00D /* Utilities */,
				B0C0C66E2A3BF87400EAD00D /* UtilitiesTests */,
			);
		};
/* End PBXProject section */

/* Begin PBXResourcesBuildPhase section */
		B0C0C6652A3BF87400EAD00D /* Resources */ = {
			isa = PBXResourcesBuildPhase;
			buildActionMask = 2147483647;
			files = (
			);
			runOnlyForDeploymentPostprocessing = 0;
		};
		B0C0C66D2A3BF87400EAD00D /* Resources */ = {
			isa = PBXResourcesBuildPhase;
			buildActionMask = 2147483647;
			files = (
			);
			runOnlyForDeploymentPostprocessing = 0;
		};
/* End PBXResourcesBuildPhase section */

/* Begin PBXSourcesBuildPhase section */
		B0C0C6632A3BF87400EAD00D /* Sources */ = {
			isa = PBXSourcesBuildPhase;
			buildActionMask = 2147483647;
			files = (
				B0C0C7902A3C08BD00EAD00D /* UIViewController+Rx.swift in Sources */,
				B0C0C68F2A3BF8D200EAD00D /* MvvmViewController.swift in Sources */,
				B0C0C68D2A3BF8D200EAD00D /* Stored.swift in Sources */,
				B0C0C68E2A3BF8D200EAD00D /* Router.swift in Sources */,
				B0C0C68C2A3BF8D200EAD00D /* UIViewController+Embed.swift in Sources */,
			);
			runOnlyForDeploymentPostprocessing = 0;
		};
		B0C0C66B2A3BF87400EAD00D /* Sources */ = {
			isa = PBXSourcesBuildPhase;
			buildActionMask = 2147483647;
			files = (
				B0C0C6932A3BF8DE00EAD00D /* UIViewController+Embed+Tests.swift in Sources */,
				B0C0C6942A3BF8DE00EAD00D /* Stored+Tests.swift in Sources */,
			);
			runOnlyForDeploymentPostprocessing = 0;
		};
/* End PBXSourcesBuildPhase section */

/* Begin PBXTargetDependency section */
		B0C0C6722A3BF87400EAD00D /* PBXTargetDependency */ = {
			isa = PBXTargetDependency;
			target = B0C0C6662A3BF87400EAD00D /* Utilities */;
			targetProxy = B0C0C6712A3BF87400EAD00D /* PBXContainerItemProxy */;
		};
/* End PBXTargetDependency section */

/* Begin XCBuildConfiguration section */
		B0C0C6772A3BF87400EAD00D /* Debug */ = {
			isa = XCBuildConfiguration;
			buildSettings = {
				ALWAYS_SEARCH_USER_PATHS = NO;
				CLANG_ANALYZER_NONNULL = YES;
				CLANG_ANALYZER_NUMBER_OBJECT_CONVERSION = YES_AGGRESSIVE;
				CLANG_CXX_LANGUAGE_STANDARD = "gnu++20";
				CLANG_ENABLE_MODULES = YES;
				CLANG_ENABLE_OBJC_ARC = YES;
				CLANG_ENABLE_OBJC_WEAK = YES;
				CLANG_WARN_BLOCK_CAPTURE_AUTORELEASING = YES;
				CLANG_WARN_BOOL_CONVERSION = YES;
				CLANG_WARN_COMMA = YES;
				CLANG_WARN_CONSTANT_CONVERSION = YES;
				CLANG_WARN_DEPRECATED_OBJC_IMPLEMENTATIONS = YES;
				CLANG_WARN_DIRECT_OBJC_ISA_USAGE = YES_ERROR;
				CLANG_WARN_DOCUMENTATION_COMMENTS = YES;
				CLANG_WARN_EMPTY_BODY = YES;
				CLANG_WARN_ENUM_CONVERSION = YES;
				CLANG_WARN_INFINITE_RECURSION = YES;
				CLANG_WARN_INT_CONVERSION = YES;
				CLANG_WARN_NON_LITERAL_NULL_CONVERSION = YES;
				CLANG_WARN_OBJC_IMPLICIT_RETAIN_SELF = YES;
				CLANG_WARN_OBJC_LITERAL_CONVERSION = YES;
				CLANG_WARN_OBJC_ROOT_CLASS = YES_ERROR;
				CLANG_WARN_QUOTED_INCLUDE_IN_FRAMEWORK_HEADER = YES;
				CLANG_WARN_RANGE_LOOP_ANALYSIS = YES;
				CLANG_WARN_STRICT_PROTOTYPES = YES;
				CLANG_WARN_SUSPICIOUS_MOVE = YES;
				CLANG_WARN_UNGUARDED_AVAILABILITY = YES_AGGRESSIVE;
				CLANG_WARN_UNREACHABLE_CODE = YES;
				CLANG_WARN__DUPLICATE_METHOD_MATCH = YES;
				COPY_PHASE_STRIP = NO;
				CURRENT_PROJECT_VERSION = 1;
				DEBUG_INFORMATION_FORMAT = dwarf;
				ENABLE_STRICT_OBJC_MSGSEND = YES;
				ENABLE_TESTABILITY = YES;
				GCC_C_LANGUAGE_STANDARD = gnu11;
				GCC_DYNAMIC_NO_PIC = NO;
				GCC_NO_COMMON_BLOCKS = YES;
				GCC_OPTIMIZATION_LEVEL = 0;
				GCC_PREPROCESSOR_DEFINITIONS = (
					"DEBUG=1",
					"$(inherited)",
				);
				GCC_WARN_64_TO_32_BIT_CONVERSION = YES;
				GCC_WARN_ABOUT_RETURN_TYPE = YES_ERROR;
				GCC_WARN_UNDECLARED_SELECTOR = YES;
				GCC_WARN_UNINITIALIZED_AUTOS = YES_AGGRESSIVE;
				GCC_WARN_UNUSED_FUNCTION = YES;
				GCC_WARN_UNUSED_VARIABLE = YES;
				IPHONEOS_DEPLOYMENT_TARGET = 16.1;
				MTL_ENABLE_DEBUG_INFO = INCLUDE_SOURCE;
				MTL_FAST_MATH = YES;
				ONLY_ACTIVE_ARCH = YES;
				SDKROOT = iphoneos;
				SWIFT_ACTIVE_COMPILATION_CONDITIONS = DEBUG;
				SWIFT_OPTIMIZATION_LEVEL = "-Onone";
				VERSIONING_SYSTEM = "apple-generic";
				VERSION_INFO_PREFIX = "";
			};
			name = Debug;
		};
		B0C0C6782A3BF87400EAD00D /* Release */ = {
			isa = XCBuildConfiguration;
			buildSettings = {
				ALWAYS_SEARCH_USER_PATHS = NO;
				CLANG_ANALYZER_NONNULL = YES;
				CLANG_ANALYZER_NUMBER_OBJECT_CONVERSION = YES_AGGRESSIVE;
				CLANG_CXX_LANGUAGE_STANDARD = "gnu++20";
				CLANG_ENABLE_MODULES = YES;
				CLANG_ENABLE_OBJC_ARC = YES;
				CLANG_ENABLE_OBJC_WEAK = YES;
				CLANG_WARN_BLOCK_CAPTURE_AUTORELEASING = YES;
				CLANG_WARN_BOOL_CONVERSION = YES;
				CLANG_WARN_COMMA = YES;
				CLANG_WARN_CONSTANT_CONVERSION = YES;
				CLANG_WARN_DEPRECATED_OBJC_IMPLEMENTATIONS = YES;
				CLANG_WARN_DIRECT_OBJC_ISA_USAGE = YES_ERROR;
				CLANG_WARN_DOCUMENTATION_COMMENTS = YES;
				CLANG_WARN_EMPTY_BODY = YES;
				CLANG_WARN_ENUM_CONVERSION = YES;
				CLANG_WARN_INFINITE_RECURSION = YES;
				CLANG_WARN_INT_CONVERSION = YES;
				CLANG_WARN_NON_LITERAL_NULL_CONVERSION = YES;
				CLANG_WARN_OBJC_IMPLICIT_RETAIN_SELF = YES;
				CLANG_WARN_OBJC_LITERAL_CONVERSION = YES;
				CLANG_WARN_OBJC_ROOT_CLASS = YES_ERROR;
				CLANG_WARN_QUOTED_INCLUDE_IN_FRAMEWORK_HEADER = YES;
				CLANG_WARN_RANGE_LOOP_ANALYSIS = YES;
				CLANG_WARN_STRICT_PROTOTYPES = YES;
				CLANG_WARN_SUSPICIOUS_MOVE = YES;
				CLANG_WARN_UNGUARDED_AVAILABILITY = YES_AGGRESSIVE;
				CLANG_WARN_UNREACHABLE_CODE = YES;
				CLANG_WARN__DUPLICATE_METHOD_MATCH = YES;
				COPY_PHASE_STRIP = NO;
				CURRENT_PROJECT_VERSION = 1;
				DEBUG_INFORMATION_FORMAT = "dwarf-with-dsym";
				ENABLE_NS_ASSERTIONS = NO;
				ENABLE_STRICT_OBJC_MSGSEND = YES;
				GCC_C_LANGUAGE_STANDARD = gnu11;
				GCC_NO_COMMON_BLOCKS = YES;
				GCC_WARN_64_TO_32_BIT_CONVERSION = YES;
				GCC_WARN_ABOUT_RETURN_TYPE = YES_ERROR;
				GCC_WARN_UNDECLARED_SELECTOR = YES;
				GCC_WARN_UNINITIALIZED_AUTOS = YES_AGGRESSIVE;
				GCC_WARN_UNUSED_FUNCTION = YES;
				GCC_WARN_UNUSED_VARIABLE = YES;
				IPHONEOS_DEPLOYMENT_TARGET = 16.1;
				MTL_ENABLE_DEBUG_INFO = NO;
				MTL_FAST_MATH = YES;
				SDKROOT = iphoneos;
				SWIFT_COMPILATION_MODE = wholemodule;
				SWIFT_OPTIMIZATION_LEVEL = "-O";
				VALIDATE_PRODUCT = YES;
				VERSIONING_SYSTEM = "apple-generic";
				VERSION_INFO_PREFIX = "";
			};
			name = Release;
		};
		B0C0C67A2A3BF87400EAD00D /* Debug */ = {
			isa = XCBuildConfiguration;
			buildSettings = {
				CLANG_ENABLE_MODULES = YES;
				CODE_SIGN_STYLE = Automatic;
				CURRENT_PROJECT_VERSION = 1;
				DEFINES_MODULE = YES;
				DYLIB_COMPATIBILITY_VERSION = 1;
				DYLIB_CURRENT_VERSION = 1;
				DYLIB_INSTALL_NAME_BASE = "@rpath";
				GENERATE_INFOPLIST_FILE = YES;
				INFOPLIST_KEY_NSHumanReadableCopyright = "";
				INSTALL_PATH = "$(LOCAL_LIBRARY_DIR)/Frameworks";
				LD_RUNPATH_SEARCH_PATHS = (
					"$(inherited)",
					"@executable_path/Frameworks",
					"@loader_path/Frameworks",
				);
				MARKETING_VERSION = 1.0;
				PRODUCT_BUNDLE_IDENTIFIER = com.test.Utilities;
				PRODUCT_NAME = "$(TARGET_NAME:c99extidentifier)";
				SKIP_INSTALL = YES;
				SWIFT_EMIT_LOC_STRINGS = YES;
				SWIFT_OPTIMIZATION_LEVEL = "-Onone";
				SWIFT_VERSION = 5.0;
				TARGETED_DEVICE_FAMILY = "1,2";
			};
			name = Debug;
		};
		B0C0C67B2A3BF87400EAD00D /* Release */ = {
			isa = XCBuildConfiguration;
			buildSettings = {
				CLANG_ENABLE_MODULES = YES;
				CODE_SIGN_STYLE = Automatic;
				CURRENT_PROJECT_VERSION = 1;
				DEFINES_MODULE = YES;
				DYLIB_COMPATIBILITY_VERSION = 1;
				DYLIB_CURRENT_VERSION = 1;
				DYLIB_INSTALL_NAME_BASE = "@rpath";
				GENERATE_INFOPLIST_FILE = YES;
				INFOPLIST_KEY_NSHumanReadableCopyright = "";
				INSTALL_PATH = "$(LOCAL_LIBRARY_DIR)/Frameworks";
				LD_RUNPATH_SEARCH_PATHS = (
					"$(inherited)",
					"@executable_path/Frameworks",
					"@loader_path/Frameworks",
				);
				MARKETING_VERSION = 1.0;
				PRODUCT_BUNDLE_IDENTIFIER = com.test.Utilities;
				PRODUCT_NAME = "$(TARGET_NAME:c99extidentifier)";
				SKIP_INSTALL = YES;
				SWIFT_EMIT_LOC_STRINGS = YES;
				SWIFT_VERSION = 5.0;
				TARGETED_DEVICE_FAMILY = "1,2";
			};
			name = Release;
		};
		B0C0C67D2A3BF87400EAD00D /* Debug */ = {
			isa = XCBuildConfiguration;
			buildSettings = {
				ALWAYS_EMBED_SWIFT_STANDARD_LIBRARIES = YES;
				CODE_SIGN_STYLE = Automatic;
				CURRENT_PROJECT_VERSION = 1;
				GENERATE_INFOPLIST_FILE = YES;
				MARKETING_VERSION = 1.0;
				PRODUCT_BUNDLE_IDENTIFIER = com.test.UtilitiesTests;
				PRODUCT_NAME = "$(TARGET_NAME)";
				SWIFT_EMIT_LOC_STRINGS = NO;
				SWIFT_VERSION = 5.0;
				TARGETED_DEVICE_FAMILY = "1,2";
			};
			name = Debug;
		};
		B0C0C67E2A3BF87400EAD00D /* Release */ = {
			isa = XCBuildConfiguration;
			buildSettings = {
				ALWAYS_EMBED_SWIFT_STANDARD_LIBRARIES = YES;
				CODE_SIGN_STYLE = Automatic;
				CURRENT_PROJECT_VERSION = 1;
				GENERATE_INFOPLIST_FILE = YES;
				MARKETING_VERSION = 1.0;
				PRODUCT_BUNDLE_IDENTIFIER = com.test.UtilitiesTests;
				PRODUCT_NAME = "$(TARGET_NAME)";
				SWIFT_EMIT_LOC_STRINGS = NO;
				SWIFT_VERSION = 5.0;
				TARGETED_DEVICE_FAMILY = "1,2";
			};
			name = Release;
		};
/* End XCBuildConfiguration section */

/* Begin XCConfigurationList section */
		B0C0C6612A3BF87400EAD00D /* Build configuration list for PBXProject "Utilities" */ = {
			isa = XCConfigurationList;
			buildConfigurations = (
				B0C0C6772A3BF87400EAD00D /* Debug */,
				B0C0C6782A3BF87400EAD00D /* Release */,
			);
			defaultConfigurationIsVisible = 0;
			defaultConfigurationName = Release;
		};
		B0C0C6792A3BF87400EAD00D /* Build configuration list for PBXNativeTarget "Utilities" */ = {
			isa = XCConfigurationList;
			buildConfigurations = (
				B0C0C67A2A3BF87400EAD00D /* Debug */,
				B0C0C67B2A3BF87400EAD00D /* Release */,
			);
			defaultConfigurationIsVisible = 0;
			defaultConfigurationName = Release;
		};
		B0C0C67C2A3BF87400EAD00D /* Build configuration list for PBXNativeTarget "UtilitiesTests" */ = {
			isa = XCConfigurationList;
			buildConfigurations = (
				B0C0C67D2A3BF87400EAD00D /* Debug */,
				B0C0C67E2A3BF87400EAD00D /* Release */,
			);
			defaultConfigurationIsVisible = 0;
			defaultConfigurationName = Release;
		};
/* End XCConfigurationList section */

/* Begin XCRemoteSwiftPackageReference section */
		B0C0C6952A3BF96700EAD00D /* XCRemoteSwiftPackageReference "RxSwift" */ = {
			isa = XCRemoteSwiftPackageReference;
			repositoryURL = "https://github.com/ReactiveX/RxSwift.git";
			requirement = {
				kind = upToNextMajorVersion;
				minimumVersion = 6.0.0;
			};
		};
/* End XCRemoteSwiftPackageReference section */

/* Begin XCSwiftPackageProductDependency section */
		B0C0C6962A3BF96700EAD00D /* RxCocoa */ = {
			isa = XCSwiftPackageProductDependency;
			package = B0C0C6952A3BF96700EAD00D /* XCRemoteSwiftPackageReference "RxSwift" */;
			productName = RxCocoa;
		};
		B0C0C6982A3BF96700EAD00D /* RxSwift */ = {
			isa = XCSwiftPackageProductDependency;
			package = B0C0C6952A3BF96700EAD00D /* XCRemoteSwiftPackageReference "RxSwift" */;
			productName = RxSwift;
		};
/* End XCSwiftPackageProductDependency section */
	};
	rootObject = B0C0C65E2A3BF87400EAD00D /* Project object */;
}
